// !$*UTF8*$!
{
	archiveVersion = 1;
	classes = {
	};
	objectVersion = 52;
	objects = {

/* Begin PBXBuildFile section */
		670349A92095A7C1002A1E30 /* ExternalLinks.swift in Sources */ = {isa = PBXBuildFile; fileRef = 670349A82095A7C1002A1E30 /* ExternalLinks.swift */; };
		6720E7E2208B7E1200D07850 /* CommentWrapper.swift in Sources */ = {isa = PBXBuildFile; fileRef = 67A3C0A32078260E00E93876 /* CommentWrapper.swift */; };
		6720E7E3208B7E1700D07850 /* CommentUnwrapper.swift in Sources */ = {isa = PBXBuildFile; fileRef = 67A3C0B6207A89F700E93876 /* CommentUnwrapper.swift */; };
		6720E7E5208B827C00D07850 /* ContentBuilder.swift in Sources */ = {isa = PBXBuildFile; fileRef = 6720E7E4208B827C00D07850 /* ContentBuilder.swift */; };
		6720E7E8208B8B9600D07850 /* AttributedTextViewController.swift in Sources */ = {isa = PBXBuildFile; fileRef = 6720E7E6208B8B9600D07850 /* AttributedTextViewController.swift */; };
		6720E7E9208B8B9600D07850 /* AttributedTextViewController.xib in Resources */ = {isa = PBXBuildFile; fileRef = 6720E7E7208B8B9600D07850 /* AttributedTextViewController.xib */; };
		6720E7EC208B8C9000D07850 /* IntroductionContent.swift in Sources */ = {isa = PBXBuildFile; fileRef = 6720E7EB208B8C9000D07850 /* IntroductionContent.swift */; };
		6720E7EE208B8D7400D07850 /* InstructionsContent.swift in Sources */ = {isa = PBXBuildFile; fileRef = 6720E7ED208B8D7400D07850 /* InstructionsContent.swift */; };
		672771C6208B4B8700256933 /* InstallationInstructionsViewController.swift in Sources */ = {isa = PBXBuildFile; fileRef = 672771C4208B4B8700256933 /* InstallationInstructionsViewController.swift */; };
		672771C7208B4B8700256933 /* InstallationInstructionsViewController.xib in Resources */ = {isa = PBXBuildFile; fileRef = 672771C5208B4B8700256933 /* InstallationInstructionsViewController.xib */; };
		672771CC208B4BFB00256933 /* AboutViewController.swift in Sources */ = {isa = PBXBuildFile; fileRef = 672771CA208B4BFB00256933 /* AboutViewController.swift */; };
		672771CD208B4BFB00256933 /* AboutViewController.xib in Resources */ = {isa = PBXBuildFile; fileRef = 672771CB208B4BFB00256933 /* AboutViewController.xib */; };
		6789796625B448CA000D11DB /* SBAutoLayout in Frameworks */ = {isa = PBXBuildFile; productRef = 6789796525B448CA000D11DB /* SBAutoLayout */; };
		6789796D25B448F6000D11DB /* AttributedStringBuilder in Frameworks */ = {isa = PBXBuildFile; productRef = 6789796C25B448F6000D11DB /* AttributedStringBuilder */; };
		678F0EE020853DB300D94D9D /* ItemizerTests.swift in Sources */ = {isa = PBXBuildFile; fileRef = 678F0EDF20853DB300D94D9D /* ItemizerTests.swift */; };
		678F0EE220853EE400D94D9D /* StringItemTests.swift in Sources */ = {isa = PBXBuildFile; fileRef = 678F0EE120853EE400D94D9D /* StringItemTests.swift */; };
		67A3C070207822B000E93876 /* AppDelegate.swift in Sources */ = {isa = PBXBuildFile; fileRef = 67A3C06F207822B000E93876 /* AppDelegate.swift */; };
		67A3C072207822B000E93876 /* ViewController.swift in Sources */ = {isa = PBXBuildFile; fileRef = 67A3C071207822B000E93876 /* ViewController.swift */; };
		67A3C074207822B000E93876 /* Assets.xcassets in Resources */ = {isa = PBXBuildFile; fileRef = 67A3C073207822B000E93876 /* Assets.xcassets */; };
		67A3C077207822B000E93876 /* Main.storyboard in Resources */ = {isa = PBXBuildFile; fileRef = 67A3C075207822B000E93876 /* Main.storyboard */; };
		67A3C083207822B100E93876 /* CommentWrapperTests.swift in Sources */ = {isa = PBXBuildFile; fileRef = 67A3C082207822B100E93876 /* CommentWrapperTests.swift */; };
		67A3C094207822DD00E93876 /* Cocoa.framework in Frameworks */ = {isa = PBXBuildFile; fileRef = 67A3C093207822DD00E93876 /* Cocoa.framework */; };
		67A3C097207822DD00E93876 /* SourceEditorExtension.swift in Sources */ = {isa = PBXBuildFile; fileRef = 67A3C096207822DD00E93876 /* SourceEditorExtension.swift */; };
		67A3C099207822DD00E93876 /* SourceEditorCommand.swift in Sources */ = {isa = PBXBuildFile; fileRef = 67A3C098207822DD00E93876 /* SourceEditorCommand.swift */; };
		67A3C09E207822DD00E93876 /* Comment Wrapper.appex in Embed App Extensions */ = {isa = PBXBuildFile; fileRef = 67A3C091207822DD00E93876 /* Comment Wrapper.appex */; settings = {ATTRIBUTES = (RemoveHeadersOnCopy, ); }; };
		67A3C0A42078260E00E93876 /* CommentWrapper.swift in Sources */ = {isa = PBXBuildFile; fileRef = 67A3C0A32078260E00E93876 /* CommentWrapper.swift */; };
		67A3C0A5207829FB00E93876 /* CommentWrapper.swift in Sources */ = {isa = PBXBuildFile; fileRef = 67A3C0A32078260E00E93876 /* CommentWrapper.swift */; };
		67A3C0A8207A847900E93876 /* String+Extensions.swift in Sources */ = {isa = PBXBuildFile; fileRef = 67A3C0A7207A847900E93876 /* String+Extensions.swift */; };
		67A3C0AD207A84DA00E93876 /* String+ExtensionsTests.swift in Sources */ = {isa = PBXBuildFile; fileRef = 67A3C0AC207A84DA00E93876 /* String+ExtensionsTests.swift */; };
		67A3C0AE207A852D00E93876 /* String+Extensions.swift in Sources */ = {isa = PBXBuildFile; fileRef = 67A3C0A7207A847900E93876 /* String+Extensions.swift */; };
		67A3C0AF207A855C00E93876 /* String+Extensions.swift in Sources */ = {isa = PBXBuildFile; fileRef = 67A3C0A7207A847900E93876 /* String+Extensions.swift */; };
		67A3C0B1207A886700E93876 /* Character+Extensions.swift in Sources */ = {isa = PBXBuildFile; fileRef = 67A3C0B0207A886700E93876 /* Character+Extensions.swift */; };
		67A3C0B3207A88E800E93876 /* Character+ExtensionsTests.swift in Sources */ = {isa = PBXBuildFile; fileRef = 67A3C0B2207A88E800E93876 /* Character+ExtensionsTests.swift */; };
		67A3C0B4207A896E00E93876 /* Character+Extensions.swift in Sources */ = {isa = PBXBuildFile; fileRef = 67A3C0B0207A886700E93876 /* Character+Extensions.swift */; };
		67A3C0B5207A896F00E93876 /* Character+Extensions.swift in Sources */ = {isa = PBXBuildFile; fileRef = 67A3C0B0207A886700E93876 /* Character+Extensions.swift */; };
		67A3C0B7207A89F700E93876 /* CommentUnwrapper.swift in Sources */ = {isa = PBXBuildFile; fileRef = 67A3C0B6207A89F700E93876 /* CommentUnwrapper.swift */; };
		67A3C0B8207A89F700E93876 /* CommentUnwrapper.swift in Sources */ = {isa = PBXBuildFile; fileRef = 67A3C0B6207A89F700E93876 /* CommentUnwrapper.swift */; };
		67A3C0BA207A8AE600E93876 /* Itemizer.swift in Sources */ = {isa = PBXBuildFile; fileRef = 67A3C0B9207A8AE600E93876 /* Itemizer.swift */; };
		67A3C0BB207A8AE600E93876 /* Itemizer.swift in Sources */ = {isa = PBXBuildFile; fileRef = 67A3C0B9207A8AE600E93876 /* Itemizer.swift */; };
		67A3C0BC207A8B8900E93876 /* Itemizer.swift in Sources */ = {isa = PBXBuildFile; fileRef = 67A3C0B9207A8AE600E93876 /* Itemizer.swift */; };
		67A3C0BE207A8D3E00E93876 /* CommentUnwrapperTests.swift in Sources */ = {isa = PBXBuildFile; fileRef = 67A3C0BD207A8D3E00E93876 /* CommentUnwrapperTests.swift */; };
		67A3C0C0207A8D5B00E93876 /* TestStrings.swift in Sources */ = {isa = PBXBuildFile; fileRef = 67A3C0BF207A8D5B00E93876 /* TestStrings.swift */; };
		67ABFBBE25B445EA00DAA9DC /* XcodeKit.framework in Frameworks */ = {isa = PBXBuildFile; fileRef = 67ABFBBD25B445EA00DAA9DC /* XcodeKit.framework */; };
		67ABFBBF25B445EA00DAA9DC /* XcodeKit.framework in Embed Frameworks */ = {isa = PBXBuildFile; fileRef = 67ABFBBD25B445EA00DAA9DC /* XcodeKit.framework */; settings = {ATTRIBUTES = (CodeSignOnCopy, RemoveHeadersOnCopy, ); }; };
/* End PBXBuildFile section */

/* Begin PBXContainerItemProxy section */
		67A3C07F207822B100E93876 /* PBXContainerItemProxy */ = {
			isa = PBXContainerItemProxy;
			containerPortal = 67A3C064207822B000E93876 /* Project object */;
			proxyType = 1;
			remoteGlobalIDString = 67A3C06B207822B000E93876;
			remoteInfo = CommentWrapper;
		};
		67A3C09C207822DD00E93876 /* PBXContainerItemProxy */ = {
			isa = PBXContainerItemProxy;
			containerPortal = 67A3C064207822B000E93876 /* Project object */;
			proxyType = 1;
			remoteGlobalIDString = 67A3C090207822DD00E93876;
			remoteInfo = CommentWrapperExt;
		};
/* End PBXContainerItemProxy section */

/* Begin PBXCopyFilesBuildPhase section */
		67A3C0A2207822DD00E93876 /* Embed App Extensions */ = {
			isa = PBXCopyFilesBuildPhase;
			buildActionMask = 2147483647;
			dstPath = "";
			dstSubfolderSpec = 13;
			files = (
				67A3C09E207822DD00E93876 /* Comment Wrapper.appex in Embed App Extensions */,
			);
			name = "Embed App Extensions";
			runOnlyForDeploymentPostprocessing = 0;
		};
		67ABFBC025B445EA00DAA9DC /* Embed Frameworks */ = {
			isa = PBXCopyFilesBuildPhase;
			buildActionMask = 2147483647;
			dstPath = "";
			dstSubfolderSpec = 10;
			files = (
				67ABFBBF25B445EA00DAA9DC /* XcodeKit.framework in Embed Frameworks */,
			);
			name = "Embed Frameworks";
			runOnlyForDeploymentPostprocessing = 0;
		};
/* End PBXCopyFilesBuildPhase section */

/* Begin PBXFileReference section */
		670349A82095A7C1002A1E30 /* ExternalLinks.swift */ = {isa = PBXFileReference; lastKnownFileType = sourcecode.swift; path = ExternalLinks.swift; sourceTree = "<group>"; };
		6720E7E4208B827C00D07850 /* ContentBuilder.swift */ = {isa = PBXFileReference; lastKnownFileType = sourcecode.swift; path = ContentBuilder.swift; sourceTree = "<group>"; };
		6720E7E6208B8B9600D07850 /* AttributedTextViewController.swift */ = {isa = PBXFileReference; lastKnownFileType = sourcecode.swift; path = AttributedTextViewController.swift; sourceTree = "<group>"; };
		6720E7E7208B8B9600D07850 /* AttributedTextViewController.xib */ = {isa = PBXFileReference; lastKnownFileType = file.xib; path = AttributedTextViewController.xib; sourceTree = "<group>"; };
		6720E7EB208B8C9000D07850 /* IntroductionContent.swift */ = {isa = PBXFileReference; lastKnownFileType = sourcecode.swift; path = IntroductionContent.swift; sourceTree = "<group>"; };
		6720E7ED208B8D7400D07850 /* InstructionsContent.swift */ = {isa = PBXFileReference; lastKnownFileType = sourcecode.swift; path = InstructionsContent.swift; sourceTree = "<group>"; };
		672771C4208B4B8700256933 /* InstallationInstructionsViewController.swift */ = {isa = PBXFileReference; lastKnownFileType = sourcecode.swift; path = InstallationInstructionsViewController.swift; sourceTree = "<group>"; };
		672771C5208B4B8700256933 /* InstallationInstructionsViewController.xib */ = {isa = PBXFileReference; lastKnownFileType = file.xib; path = InstallationInstructionsViewController.xib; sourceTree = "<group>"; };
		672771CA208B4BFB00256933 /* AboutViewController.swift */ = {isa = PBXFileReference; lastKnownFileType = sourcecode.swift; path = AboutViewController.swift; sourceTree = "<group>"; };
		672771CB208B4BFB00256933 /* AboutViewController.xib */ = {isa = PBXFileReference; lastKnownFileType = file.xib; path = AboutViewController.xib; sourceTree = "<group>"; };
		678F0EDF20853DB300D94D9D /* ItemizerTests.swift */ = {isa = PBXFileReference; lastKnownFileType = sourcecode.swift; path = ItemizerTests.swift; sourceTree = "<group>"; };
		678F0EE120853EE400D94D9D /* StringItemTests.swift */ = {isa = PBXFileReference; lastKnownFileType = sourcecode.swift; path = StringItemTests.swift; sourceTree = "<group>"; };
		67A3C06C207822B000E93876 /* Comment Wrapper.app */ = {isa = PBXFileReference; explicitFileType = wrapper.application; includeInIndex = 0; path = "Comment Wrapper.app"; sourceTree = BUILT_PRODUCTS_DIR; };
		67A3C06F207822B000E93876 /* AppDelegate.swift */ = {isa = PBXFileReference; lastKnownFileType = sourcecode.swift; path = AppDelegate.swift; sourceTree = "<group>"; };
		67A3C071207822B000E93876 /* ViewController.swift */ = {isa = PBXFileReference; lastKnownFileType = sourcecode.swift; path = ViewController.swift; sourceTree = "<group>"; };
		67A3C073207822B000E93876 /* Assets.xcassets */ = {isa = PBXFileReference; lastKnownFileType = folder.assetcatalog; path = Assets.xcassets; sourceTree = "<group>"; };
		67A3C076207822B000E93876 /* Base */ = {isa = PBXFileReference; lastKnownFileType = file.storyboard; name = Base; path = Base.lproj/Main.storyboard; sourceTree = "<group>"; };
		67A3C078207822B100E93876 /* Info.plist */ = {isa = PBXFileReference; lastKnownFileType = text.plist.xml; path = Info.plist; sourceTree = "<group>"; };
		67A3C079207822B100E93876 /* CommentWrapper.entitlements */ = {isa = PBXFileReference; lastKnownFileType = text.plist.entitlements; path = CommentWrapper.entitlements; sourceTree = "<group>"; };
		67A3C07E207822B100E93876 /* CommentWrapperTests.xctest */ = {isa = PBXFileReference; explicitFileType = wrapper.cfbundle; includeInIndex = 0; path = CommentWrapperTests.xctest; sourceTree = BUILT_PRODUCTS_DIR; };
		67A3C082207822B100E93876 /* CommentWrapperTests.swift */ = {isa = PBXFileReference; lastKnownFileType = sourcecode.swift; path = CommentWrapperTests.swift; sourceTree = "<group>"; };
		67A3C084207822B100E93876 /* Info.plist */ = {isa = PBXFileReference; lastKnownFileType = text.plist.xml; path = Info.plist; sourceTree = "<group>"; };
		67A3C091207822DD00E93876 /* Comment Wrapper.appex */ = {isa = PBXFileReference; explicitFileType = "wrapper.app-extension"; includeInIndex = 0; path = "Comment Wrapper.appex"; sourceTree = BUILT_PRODUCTS_DIR; };
		67A3C093207822DD00E93876 /* Cocoa.framework */ = {isa = PBXFileReference; lastKnownFileType = wrapper.framework; name = Cocoa.framework; path = System/Library/Frameworks/Cocoa.framework; sourceTree = SDKROOT; };
		67A3C096207822DD00E93876 /* SourceEditorExtension.swift */ = {isa = PBXFileReference; lastKnownFileType = sourcecode.swift; path = SourceEditorExtension.swift; sourceTree = "<group>"; };
		67A3C098207822DD00E93876 /* SourceEditorCommand.swift */ = {isa = PBXFileReference; lastKnownFileType = sourcecode.swift; path = SourceEditorCommand.swift; sourceTree = "<group>"; };
		67A3C09A207822DD00E93876 /* Info.plist */ = {isa = PBXFileReference; lastKnownFileType = text.plist.xml; path = Info.plist; sourceTree = "<group>"; };
		67A3C09B207822DD00E93876 /* CommentWrapperExt.entitlements */ = {isa = PBXFileReference; lastKnownFileType = text.plist.entitlements; path = CommentWrapperExt.entitlements; sourceTree = "<group>"; };
		67A3C0A32078260E00E93876 /* CommentWrapper.swift */ = {isa = PBXFileReference; lastKnownFileType = sourcecode.swift; path = CommentWrapper.swift; sourceTree = "<group>"; };
		67A3C0A7207A847900E93876 /* String+Extensions.swift */ = {isa = PBXFileReference; lastKnownFileType = sourcecode.swift; path = "String+Extensions.swift"; sourceTree = "<group>"; };
		67A3C0AC207A84DA00E93876 /* String+ExtensionsTests.swift */ = {isa = PBXFileReference; lastKnownFileType = sourcecode.swift; path = "String+ExtensionsTests.swift"; sourceTree = "<group>"; };
		67A3C0B0207A886700E93876 /* Character+Extensions.swift */ = {isa = PBXFileReference; lastKnownFileType = sourcecode.swift; path = "Character+Extensions.swift"; sourceTree = "<group>"; };
		67A3C0B2207A88E800E93876 /* Character+ExtensionsTests.swift */ = {isa = PBXFileReference; lastKnownFileType = sourcecode.swift; path = "Character+ExtensionsTests.swift"; sourceTree = "<group>"; };
		67A3C0B6207A89F700E93876 /* CommentUnwrapper.swift */ = {isa = PBXFileReference; lastKnownFileType = sourcecode.swift; path = CommentUnwrapper.swift; sourceTree = "<group>"; };
		67A3C0B9207A8AE600E93876 /* Itemizer.swift */ = {isa = PBXFileReference; lastKnownFileType = sourcecode.swift; path = Itemizer.swift; sourceTree = "<group>"; };
		67A3C0BD207A8D3E00E93876 /* CommentUnwrapperTests.swift */ = {isa = PBXFileReference; lastKnownFileType = sourcecode.swift; path = CommentUnwrapperTests.swift; sourceTree = "<group>"; };
		67A3C0BF207A8D5B00E93876 /* TestStrings.swift */ = {isa = PBXFileReference; lastKnownFileType = sourcecode.swift; path = TestStrings.swift; sourceTree = "<group>"; };
		67ABFBBD25B445EA00DAA9DC /* XcodeKit.framework */ = {isa = PBXFileReference; lastKnownFileType = wrapper.framework; name = XcodeKit.framework; path = Library/Frameworks/XcodeKit.framework; sourceTree = DEVELOPER_DIR; };
/* End PBXFileReference section */

/* Begin PBXFrameworksBuildPhase section */
		67A3C069207822B000E93876 /* Frameworks */ = {
			isa = PBXFrameworksBuildPhase;
			buildActionMask = 2147483647;
			files = (
				6789796625B448CA000D11DB /* SBAutoLayout in Frameworks */,
				6789796D25B448F6000D11DB /* AttributedStringBuilder in Frameworks */,
			);
			runOnlyForDeploymentPostprocessing = 0;
		};
		67A3C07B207822B100E93876 /* Frameworks */ = {
			isa = PBXFrameworksBuildPhase;
			buildActionMask = 2147483647;
			files = (
			);
			runOnlyForDeploymentPostprocessing = 0;
		};
		67A3C08E207822DD00E93876 /* Frameworks */ = {
			isa = PBXFrameworksBuildPhase;
			buildActionMask = 2147483647;
			files = (
				67ABFBBE25B445EA00DAA9DC /* XcodeKit.framework in Frameworks */,
				67A3C094207822DD00E93876 /* Cocoa.framework in Frameworks */,
			);
			runOnlyForDeploymentPostprocessing = 0;
		};
/* End PBXFrameworksBuildPhase section */

/* Begin PBXGroup section */
		6720E7EA208B8C7B00D07850 /* Content */ = {
			isa = PBXGroup;
			children = (
				6720E7E4208B827C00D07850 /* ContentBuilder.swift */,
				6720E7EB208B8C9000D07850 /* IntroductionContent.swift */,
				6720E7ED208B8D7400D07850 /* InstructionsContent.swift */,
			);
			path = Content;
			sourceTree = "<group>";
		};
		672771C8208B4B9D00256933 /* Installation Instructions */ = {
			isa = PBXGroup;
			children = (
				672771C4208B4B8700256933 /* InstallationInstructionsViewController.swift */,
				672771C5208B4B8700256933 /* InstallationInstructionsViewController.xib */,
			);
			path = "Installation Instructions";
			sourceTree = "<group>";
		};
		672771C9208B4BE900256933 /* About */ = {
			isa = PBXGroup;
			children = (
				672771CA208B4BFB00256933 /* AboutViewController.swift */,
				672771CB208B4BFB00256933 /* AboutViewController.xib */,
			);
			path = About;
			sourceTree = "<group>";
		};
		67A3C063207822B000E93876 = {
			isa = PBXGroup;
			children = (
				67A3C0A6207A845D00E93876 /* Extensions */,
				67A3C06E207822B000E93876 /* CommentWrapper */,
				67A3C095207822DD00E93876 /* CommentWrapperExt */,
				67A3C081207822B100E93876 /* CommentWrapperTests */,
				67A3C092207822DD00E93876 /* Frameworks */,
				67A3C06D207822B000E93876 /* Products */,
			);
			sourceTree = "<group>";
		};
		67A3C06D207822B000E93876 /* Products */ = {
			isa = PBXGroup;
			children = (
				67A3C06C207822B000E93876 /* Comment Wrapper.app */,
				67A3C07E207822B100E93876 /* CommentWrapperTests.xctest */,
				67A3C091207822DD00E93876 /* Comment Wrapper.appex */,
			);
			name = Products;
			sourceTree = "<group>";
		};
		67A3C06E207822B000E93876 /* CommentWrapper */ = {
			isa = PBXGroup;
			children = (
				670349A82095A7C1002A1E30 /* ExternalLinks.swift */,
				67A3C06F207822B000E93876 /* AppDelegate.swift */,
				67A3C071207822B000E93876 /* ViewController.swift */,
				67A3C075207822B000E93876 /* Main.storyboard */,
				6720E7EA208B8C7B00D07850 /* Content */,
				6720E7E6208B8B9600D07850 /* AttributedTextViewController.swift */,
				6720E7E7208B8B9600D07850 /* AttributedTextViewController.xib */,
				672771C8208B4B9D00256933 /* Installation Instructions */,
				672771C9208B4BE900256933 /* About */,
				67A3C073207822B000E93876 /* Assets.xcassets */,
				67A3C078207822B100E93876 /* Info.plist */,
				67A3C079207822B100E93876 /* CommentWrapper.entitlements */,
			);
			path = CommentWrapper;
			sourceTree = "<group>";
		};
		67A3C081207822B100E93876 /* CommentWrapperTests */ = {
			isa = PBXGroup;
			children = (
				67A3C0BF207A8D5B00E93876 /* TestStrings.swift */,
				67A3C0B2207A88E800E93876 /* Character+ExtensionsTests.swift */,
				67A3C0AC207A84DA00E93876 /* String+ExtensionsTests.swift */,
				67A3C082207822B100E93876 /* CommentWrapperTests.swift */,
				67A3C0BD207A8D3E00E93876 /* CommentUnwrapperTests.swift */,
				678F0EDF20853DB300D94D9D /* ItemizerTests.swift */,
				678F0EE120853EE400D94D9D /* StringItemTests.swift */,
				67A3C084207822B100E93876 /* Info.plist */,
			);
			path = CommentWrapperTests;
			sourceTree = "<group>";
		};
		67A3C092207822DD00E93876 /* Frameworks */ = {
			isa = PBXGroup;
			children = (
				67ABFBBD25B445EA00DAA9DC /* XcodeKit.framework */,
				67A3C093207822DD00E93876 /* Cocoa.framework */,
			);
			name = Frameworks;
			sourceTree = "<group>";
		};
		67A3C095207822DD00E93876 /* CommentWrapperExt */ = {
			isa = PBXGroup;
			children = (
				67A3C096207822DD00E93876 /* SourceEditorExtension.swift */,
				67A3C098207822DD00E93876 /* SourceEditorCommand.swift */,
				67A3C0B9207A8AE600E93876 /* Itemizer.swift */,
				67A3C0A32078260E00E93876 /* CommentWrapper.swift */,
				67A3C0B6207A89F700E93876 /* CommentUnwrapper.swift */,
				67A3C09A207822DD00E93876 /* Info.plist */,
				67A3C09B207822DD00E93876 /* CommentWrapperExt.entitlements */,
			);
			path = CommentWrapperExt;
			sourceTree = "<group>";
		};
		67A3C0A6207A845D00E93876 /* Extensions */ = {
			isa = PBXGroup;
			children = (
				67A3C0B0207A886700E93876 /* Character+Extensions.swift */,
				67A3C0A7207A847900E93876 /* String+Extensions.swift */,
			);
			path = Extensions;
			sourceTree = "<group>";
		};
/* End PBXGroup section */

/* Begin PBXNativeTarget section */
		67A3C06B207822B000E93876 /* Comment Wrapper Host */ = {
			isa = PBXNativeTarget;
			buildConfigurationList = 67A3C087207822B100E93876 /* Build configuration list for PBXNativeTarget "Comment Wrapper Host" */;
			buildPhases = (
				67A3C068207822B000E93876 /* Sources */,
				675737B820912B0C00F42A2C /* Swift Lint */,
				67A3C069207822B000E93876 /* Frameworks */,
				67A3C06A207822B000E93876 /* Resources */,
				67F2723C2095B4BC004EC9C4 /* Set Build Number */,
				67A3C0A2207822DD00E93876 /* Embed App Extensions */,
			);
			buildRules = (
			);
			dependencies = (
				67A3C09D207822DD00E93876 /* PBXTargetDependency */,
			);
			name = "Comment Wrapper Host";
			packageProductDependencies = (
				6789796525B448CA000D11DB /* SBAutoLayout */,
				6789796C25B448F6000D11DB /* AttributedStringBuilder */,
			);
			productName = CommentWrapper;
			productReference = 67A3C06C207822B000E93876 /* Comment Wrapper.app */;
			productType = "com.apple.product-type.application";
		};
		67A3C07D207822B100E93876 /* CommentWrapperTests */ = {
			isa = PBXNativeTarget;
			buildConfigurationList = 67A3C08A207822B100E93876 /* Build configuration list for PBXNativeTarget "CommentWrapperTests" */;
			buildPhases = (
				67A3C07A207822B100E93876 /* Sources */,
				677995432092598C00B460E7 /* Swift Lint */,
				67A3C07B207822B100E93876 /* Frameworks */,
				67A3C07C207822B100E93876 /* Resources */,
			);
			buildRules = (
			);
			dependencies = (
				67A3C080207822B100E93876 /* PBXTargetDependency */,
			);
			name = CommentWrapperTests;
			productName = CommentWrapperTests;
			productReference = 67A3C07E207822B100E93876 /* CommentWrapperTests.xctest */;
			productType = "com.apple.product-type.bundle.unit-test";
		};
		67A3C090207822DD00E93876 /* Comment Wrapper */ = {
			isa = PBXNativeTarget;
			buildConfigurationList = 67A3C09F207822DD00E93876 /* Build configuration list for PBXNativeTarget "Comment Wrapper" */;
			buildPhases = (
				67A3C08D207822DD00E93876 /* Sources */,
				677995442092599D00B460E7 /* Swift Lint */,
				67A3C08E207822DD00E93876 /* Frameworks */,
				67A3C08F207822DD00E93876 /* Resources */,
				675DC4002095B8F7007142A7 /* Set Build Number */,
				67ABFBC025B445EA00DAA9DC /* Embed Frameworks */,
			);
			buildRules = (
			);
			dependencies = (
			);
			name = "Comment Wrapper";
			packageProductDependencies = (
			);
			productName = CommentWrapperExt;
			productReference = 67A3C091207822DD00E93876 /* Comment Wrapper.appex */;
			productType = "com.apple.product-type.xcode-extension";
		};
/* End PBXNativeTarget section */

/* Begin PBXProject section */
		67A3C064207822B000E93876 /* Project object */ = {
			isa = PBXProject;
			attributes = {
				LastSwiftUpdateCheck = 0920;
				LastUpgradeCheck = 0920;
				ORGANIZATIONNAME = "Steve Barnegren";
				TargetAttributes = {
					67A3C06B207822B000E93876 = {
						CreatedOnToolsVersion = 9.2;
						LastSwiftMigration = 1220;
						ProvisioningStyle = Manual;
					};
					67A3C07D207822B100E93876 = {
						CreatedOnToolsVersion = 9.2;
						LastSwiftMigration = 1220;
						ProvisioningStyle = Automatic;
						TestTargetID = 67A3C06B207822B000E93876;
					};
					67A3C090207822DD00E93876 = {
						CreatedOnToolsVersion = 9.2;
						LastSwiftMigration = 1220;
						ProvisioningStyle = Manual;
					};
				};
			};
			buildConfigurationList = 67A3C067207822B000E93876 /* Build configuration list for PBXProject "CommentWrapper" */;
			compatibilityVersion = "Xcode 8.0";
			developmentRegion = en;
			hasScannedForEncodings = 0;
			knownRegions = (
				en,
				Base,
			);
			mainGroup = 67A3C063207822B000E93876;
			packageReferences = (
				6789796425B448CA000D11DB /* XCRemoteSwiftPackageReference "SBAutoLayout" */,
				6789796B25B448F6000D11DB /* XCRemoteSwiftPackageReference "AttributedStringBuilder" */,
			);
			productRefGroup = 67A3C06D207822B000E93876 /* Products */;
			projectDirPath = "";
			projectRoot = "";
			targets = (
				67A3C06B207822B000E93876 /* Comment Wrapper Host */,
				67A3C07D207822B100E93876 /* CommentWrapperTests */,
				67A3C090207822DD00E93876 /* Comment Wrapper */,
			);
		};
/* End PBXProject section */

/* Begin PBXResourcesBuildPhase section */
		67A3C06A207822B000E93876 /* Resources */ = {
			isa = PBXResourcesBuildPhase;
			buildActionMask = 2147483647;
			files = (
				6720E7E9208B8B9600D07850 /* AttributedTextViewController.xib in Resources */,
				67A3C074207822B000E93876 /* Assets.xcassets in Resources */,
				672771C7208B4B8700256933 /* InstallationInstructionsViewController.xib in Resources */,
				67A3C077207822B000E93876 /* Main.storyboard in Resources */,
				672771CD208B4BFB00256933 /* AboutViewController.xib in Resources */,
			);
			runOnlyForDeploymentPostprocessing = 0;
		};
		67A3C07C207822B100E93876 /* Resources */ = {
			isa = PBXResourcesBuildPhase;
			buildActionMask = 2147483647;
			files = (
			);
			runOnlyForDeploymentPostprocessing = 0;
		};
		67A3C08F207822DD00E93876 /* Resources */ = {
			isa = PBXResourcesBuildPhase;
			buildActionMask = 2147483647;
			files = (
			);
			runOnlyForDeploymentPostprocessing = 0;
		};
/* End PBXResourcesBuildPhase section */

/* Begin PBXShellScriptBuildPhase section */
		675737B820912B0C00F42A2C /* Swift Lint */ = {
			isa = PBXShellScriptBuildPhase;
			buildActionMask = 2147483647;
			files = (
			);
			inputPaths = (
			);
			name = "Swift Lint";
			outputPaths = (
			);
			runOnlyForDeploymentPostprocessing = 0;
			shellPath = /bin/sh;
			shellScript = "if which swiftlint >/dev/null; then\nswiftlint\nelse\necho \"warning: SwiftLint not installed, download from https://github.com/realm/SwiftLint\"\nfi";
		};
		675DC4002095B8F7007142A7 /* Set Build Number */ = {
			isa = PBXShellScriptBuildPhase;
			buildActionMask = 2147483647;
			files = (
			);
			inputPaths = (
			);
			name = "Set Build Number";
			outputPaths = (
			);
			runOnlyForDeploymentPostprocessing = 0;
			shellPath = /bin/sh;
			shellScript = "# Generate the build number using current date and time\nbuildNumber=$(date \"+%Y%m.%d.%H%M\")\n\n# Set the build number in plist file\n/usr/libexec/PlistBuddy -c \"Set :CFBundleVersion $buildNumber\" \"${TARGET_BUILD_DIR}/${INFOPLIST_PATH}\"";
		};
		677995432092598C00B460E7 /* Swift Lint */ = {
			isa = PBXShellScriptBuildPhase;
			buildActionMask = 2147483647;
			files = (
			);
			inputPaths = (
			);
			name = "Swift Lint";
			outputPaths = (
			);
			runOnlyForDeploymentPostprocessing = 0;
			shellPath = /bin/sh;
			shellScript = "if which swiftlint >/dev/null; then\nswiftlint\nelse\necho \"warning: SwiftLint not installed, download from https://github.com/realm/SwiftLint\"\nfi";
		};
		677995442092599D00B460E7 /* Swift Lint */ = {
			isa = PBXShellScriptBuildPhase;
			buildActionMask = 2147483647;
			files = (
			);
			inputPaths = (
			);
			name = "Swift Lint";
			outputPaths = (
			);
			runOnlyForDeploymentPostprocessing = 0;
			shellPath = /bin/sh;
			shellScript = "if which swiftlint >/dev/null; then\nswiftlint\nelse\necho \"warning: SwiftLint not installed, download from https://github.com/realm/SwiftLint\"\nfi";
		};
		67F2723C2095B4BC004EC9C4 /* Set Build Number */ = {
			isa = PBXShellScriptBuildPhase;
			buildActionMask = 2147483647;
			files = (
			);
			inputPaths = (
			);
			name = "Set Build Number";
			outputPaths = (
			);
			runOnlyForDeploymentPostprocessing = 0;
			shellPath = /bin/sh;
			shellScript = "# Generate the build number using current date and time\nbuildNumber=$(date \"+%Y%m.%d.%H%M\")\n\n# Set the build number in plist file\n/usr/libexec/PlistBuddy -c \"Set :CFBundleVersion $buildNumber\" \"${TARGET_BUILD_DIR}/${INFOPLIST_PATH}\"";
		};
/* End PBXShellScriptBuildPhase section */

/* Begin PBXSourcesBuildPhase section */
		67A3C068207822B000E93876 /* Sources */ = {
			isa = PBXSourcesBuildPhase;
			buildActionMask = 2147483647;
			files = (
				67A3C072207822B000E93876 /* ViewController.swift in Sources */,
				67A3C0B4207A896E00E93876 /* Character+Extensions.swift in Sources */,
				67A3C0AE207A852D00E93876 /* String+Extensions.swift in Sources */,
				672771C6208B4B8700256933 /* InstallationInstructionsViewController.swift in Sources */,
				6720E7E3208B7E1700D07850 /* CommentUnwrapper.swift in Sources */,
				6720E7EE208B8D7400D07850 /* InstructionsContent.swift in Sources */,
				6720E7E8208B8B9600D07850 /* AttributedTextViewController.swift in Sources */,
				67A3C070207822B000E93876 /* AppDelegate.swift in Sources */,
				6720E7EC208B8C9000D07850 /* IntroductionContent.swift in Sources */,
				672771CC208B4BFB00256933 /* AboutViewController.swift in Sources */,
				6720E7E2208B7E1200D07850 /* CommentWrapper.swift in Sources */,
				6720E7E5208B827C00D07850 /* ContentBuilder.swift in Sources */,
				670349A92095A7C1002A1E30 /* ExternalLinks.swift in Sources */,
				67A3C0BC207A8B8900E93876 /* Itemizer.swift in Sources */,
			);
			runOnlyForDeploymentPostprocessing = 0;
		};
		67A3C07A207822B100E93876 /* Sources */ = {
			isa = PBXSourcesBuildPhase;
			buildActionMask = 2147483647;
			files = (
				678F0EE020853DB300D94D9D /* ItemizerTests.swift in Sources */,
				67A3C0AF207A855C00E93876 /* String+Extensions.swift in Sources */,
				67A3C0B3207A88E800E93876 /* Character+ExtensionsTests.swift in Sources */,
				67A3C0BE207A8D3E00E93876 /* CommentUnwrapperTests.swift in Sources */,
				67A3C0BA207A8AE600E93876 /* Itemizer.swift in Sources */,
				67A3C083207822B100E93876 /* CommentWrapperTests.swift in Sources */,
				67A3C0C0207A8D5B00E93876 /* TestStrings.swift in Sources */,
				67A3C0A5207829FB00E93876 /* CommentWrapper.swift in Sources */,
				67A3C0B1207A886700E93876 /* Character+Extensions.swift in Sources */,
				678F0EE220853EE400D94D9D /* StringItemTests.swift in Sources */,
				67A3C0B7207A89F700E93876 /* CommentUnwrapper.swift in Sources */,
				67A3C0AD207A84DA00E93876 /* String+ExtensionsTests.swift in Sources */,
			);
			runOnlyForDeploymentPostprocessing = 0;
		};
		67A3C08D207822DD00E93876 /* Sources */ = {
			isa = PBXSourcesBuildPhase;
			buildActionMask = 2147483647;
			files = (
				67A3C0B8207A89F700E93876 /* CommentUnwrapper.swift in Sources */,
				67A3C0BB207A8AE600E93876 /* Itemizer.swift in Sources */,
				67A3C0A8207A847900E93876 /* String+Extensions.swift in Sources */,
				67A3C097207822DD00E93876 /* SourceEditorExtension.swift in Sources */,
				67A3C0A42078260E00E93876 /* CommentWrapper.swift in Sources */,
				67A3C0B5207A896F00E93876 /* Character+Extensions.swift in Sources */,
				67A3C099207822DD00E93876 /* SourceEditorCommand.swift in Sources */,
			);
			runOnlyForDeploymentPostprocessing = 0;
		};
/* End PBXSourcesBuildPhase section */

/* Begin PBXTargetDependency section */
		67A3C080207822B100E93876 /* PBXTargetDependency */ = {
			isa = PBXTargetDependency;
			target = 67A3C06B207822B000E93876 /* Comment Wrapper Host */;
			targetProxy = 67A3C07F207822B100E93876 /* PBXContainerItemProxy */;
		};
		67A3C09D207822DD00E93876 /* PBXTargetDependency */ = {
			isa = PBXTargetDependency;
			target = 67A3C090207822DD00E93876 /* Comment Wrapper */;
			targetProxy = 67A3C09C207822DD00E93876 /* PBXContainerItemProxy */;
		};
/* End PBXTargetDependency section */

/* Begin PBXVariantGroup section */
		67A3C075207822B000E93876 /* Main.storyboard */ = {
			isa = PBXVariantGroup;
			children = (
				67A3C076207822B000E93876 /* Base */,
			);
			name = Main.storyboard;
			sourceTree = "<group>";
		};
/* End PBXVariantGroup section */

/* Begin XCBuildConfiguration section */
		67A3C085207822B100E93876 /* Debug */ = {
			isa = XCBuildConfiguration;
			buildSettings = {
				ALWAYS_SEARCH_USER_PATHS = NO;
				CLANG_ANALYZER_NONNULL = YES;
				CLANG_ANALYZER_NUMBER_OBJECT_CONVERSION = YES_AGGRESSIVE;
				CLANG_CXX_LANGUAGE_STANDARD = "gnu++14";
				CLANG_CXX_LIBRARY = "libc++";
				CLANG_ENABLE_MODULES = YES;
				CLANG_ENABLE_OBJC_ARC = YES;
				CLANG_WARN_BLOCK_CAPTURE_AUTORELEASING = YES;
				CLANG_WARN_BOOL_CONVERSION = YES;
				CLANG_WARN_COMMA = YES;
				CLANG_WARN_CONSTANT_CONVERSION = YES;
				CLANG_WARN_DIRECT_OBJC_ISA_USAGE = YES_ERROR;
				CLANG_WARN_DOCUMENTATION_COMMENTS = YES;
				CLANG_WARN_EMPTY_BODY = YES;
				CLANG_WARN_ENUM_CONVERSION = YES;
				CLANG_WARN_INFINITE_RECURSION = YES;
				CLANG_WARN_INT_CONVERSION = YES;
				CLANG_WARN_NON_LITERAL_NULL_CONVERSION = YES;
				CLANG_WARN_OBJC_LITERAL_CONVERSION = YES;
				CLANG_WARN_OBJC_ROOT_CLASS = YES_ERROR;
				CLANG_WARN_RANGE_LOOP_ANALYSIS = YES;
				CLANG_WARN_STRICT_PROTOTYPES = YES;
				CLANG_WARN_SUSPICIOUS_MOVE = YES;
				CLANG_WARN_UNGUARDED_AVAILABILITY = YES_AGGRESSIVE;
				CLANG_WARN_UNREACHABLE_CODE = YES;
				CLANG_WARN__DUPLICATE_METHOD_MATCH = YES;
				CODE_SIGN_IDENTITY = "-";
				COPY_PHASE_STRIP = NO;
				DEBUG_INFORMATION_FORMAT = dwarf;
				ENABLE_STRICT_OBJC_MSGSEND = YES;
				ENABLE_TESTABILITY = YES;
				GCC_C_LANGUAGE_STANDARD = gnu11;
				GCC_DYNAMIC_NO_PIC = NO;
				GCC_NO_COMMON_BLOCKS = YES;
				GCC_OPTIMIZATION_LEVEL = 0;
				GCC_PREPROCESSOR_DEFINITIONS = (
					"DEBUG=1",
					"$(inherited)",
				);
				GCC_WARN_64_TO_32_BIT_CONVERSION = YES;
				GCC_WARN_ABOUT_RETURN_TYPE = YES_ERROR;
				GCC_WARN_UNDECLARED_SELECTOR = YES;
				GCC_WARN_UNINITIALIZED_AUTOS = YES_AGGRESSIVE;
				GCC_WARN_UNUSED_FUNCTION = YES;
				GCC_WARN_UNUSED_VARIABLE = YES;
				MACOSX_DEPLOYMENT_TARGET = 11.0;
				MTL_ENABLE_DEBUG_INFO = YES;
				ONLY_ACTIVE_ARCH = YES;
				SDKROOT = macosx;
				SWIFT_ACTIVE_COMPILATION_CONDITIONS = DEBUG;
				SWIFT_OPTIMIZATION_LEVEL = "-Onone";
			};
			name = Debug;
		};
		67A3C086207822B100E93876 /* Release */ = {
			isa = XCBuildConfiguration;
			buildSettings = {
				ALWAYS_SEARCH_USER_PATHS = NO;
				CLANG_ANALYZER_NONNULL = YES;
				CLANG_ANALYZER_NUMBER_OBJECT_CONVERSION = YES_AGGRESSIVE;
				CLANG_CXX_LANGUAGE_STANDARD = "gnu++14";
				CLANG_CXX_LIBRARY = "libc++";
				CLANG_ENABLE_MODULES = YES;
				CLANG_ENABLE_OBJC_ARC = YES;
				CLANG_WARN_BLOCK_CAPTURE_AUTORELEASING = YES;
				CLANG_WARN_BOOL_CONVERSION = YES;
				CLANG_WARN_COMMA = YES;
				CLANG_WARN_CONSTANT_CONVERSION = YES;
				CLANG_WARN_DIRECT_OBJC_ISA_USAGE = YES_ERROR;
				CLANG_WARN_DOCUMENTATION_COMMENTS = YES;
				CLANG_WARN_EMPTY_BODY = YES;
				CLANG_WARN_ENUM_CONVERSION = YES;
				CLANG_WARN_INFINITE_RECURSION = YES;
				CLANG_WARN_INT_CONVERSION = YES;
				CLANG_WARN_NON_LITERAL_NULL_CONVERSION = YES;
				CLANG_WARN_OBJC_LITERAL_CONVERSION = YES;
				CLANG_WARN_OBJC_ROOT_CLASS = YES_ERROR;
				CLANG_WARN_RANGE_LOOP_ANALYSIS = YES;
				CLANG_WARN_STRICT_PROTOTYPES = YES;
				CLANG_WARN_SUSPICIOUS_MOVE = YES;
				CLANG_WARN_UNGUARDED_AVAILABILITY = YES_AGGRESSIVE;
				CLANG_WARN_UNREACHABLE_CODE = YES;
				CLANG_WARN__DUPLICATE_METHOD_MATCH = YES;
				CODE_SIGN_IDENTITY = "-";
				COPY_PHASE_STRIP = NO;
				DEBUG_INFORMATION_FORMAT = "dwarf-with-dsym";
				ENABLE_NS_ASSERTIONS = NO;
				ENABLE_STRICT_OBJC_MSGSEND = YES;
				GCC_C_LANGUAGE_STANDARD = gnu11;
				GCC_NO_COMMON_BLOCKS = YES;
				GCC_WARN_64_TO_32_BIT_CONVERSION = YES;
				GCC_WARN_ABOUT_RETURN_TYPE = YES_ERROR;
				GCC_WARN_UNDECLARED_SELECTOR = YES;
				GCC_WARN_UNINITIALIZED_AUTOS = YES_AGGRESSIVE;
				GCC_WARN_UNUSED_FUNCTION = YES;
				GCC_WARN_UNUSED_VARIABLE = YES;
				MACOSX_DEPLOYMENT_TARGET = 11.0;
				MTL_ENABLE_DEBUG_INFO = NO;
				SDKROOT = macosx;
				SWIFT_COMPILATION_MODE = wholemodule;
				SWIFT_OPTIMIZATION_LEVEL = "-O";
			};
			name = Release;
		};
		67A3C088207822B100E93876 /* Debug */ = {
			isa = XCBuildConfiguration;
			buildSettings = {
				ALWAYS_EMBED_SWIFT_STANDARD_LIBRARIES = YES;
				ASSETCATALOG_COMPILER_APPICON_NAME = AppIcon;
				CODE_SIGN_ENTITLEMENTS = CommentWrapper/CommentWrapper.entitlements;
				CODE_SIGN_IDENTITY = "Mac Developer";
				CODE_SIGN_STYLE = Manual;
				COMBINE_HIDPI_IMAGES = YES;
				DEVELOPMENT_TEAM = VAA3W4LPY2;
				INFOPLIST_FILE = CommentWrapper/Info.plist;
				INFOPLIST_PREPROCESS = YES;
				LD_RUNPATH_SEARCH_PATHS = (
					"$(inherited)",
					"@executable_path/../Frameworks",
				);
				PRODUCT_BUNDLE_IDENTIFIER = com.stevebarnegren.xcodecommentwrapper;
				PRODUCT_NAME = "Comment Wrapper";
				PROVISIONING_PROFILE = "a784e065-e7bf-4953-9d51-3adf4f335aab";
				PROVISIONING_PROFILE_SPECIFIER = "XcodeCommentWrapper-macOS-Development";
				SWIFT_VERSION = 5.0;
			};
			name = Debug;
		};
		67A3C089207822B100E93876 /* Release */ = {
			isa = XCBuildConfiguration;
			buildSettings = {
				ALWAYS_EMBED_SWIFT_STANDARD_LIBRARIES = YES;
				ASSETCATALOG_COMPILER_APPICON_NAME = AppIcon;
				CODE_SIGN_ENTITLEMENTS = CommentWrapper/CommentWrapper.entitlements;
				CODE_SIGN_IDENTITY = "Developer ID Application";
				CODE_SIGN_STYLE = Manual;
				COMBINE_HIDPI_IMAGES = YES;
				DEVELOPMENT_TEAM = VAA3W4LPY2;
				INFOPLIST_FILE = CommentWrapper/Info.plist;
				INFOPLIST_PREPROCESS = YES;
				LD_RUNPATH_SEARCH_PATHS = (
					"$(inherited)",
					"@executable_path/../Frameworks",
				);
				PRODUCT_BUNDLE_IDENTIFIER = com.stevebarnegren.xcodecommentwrapper;
				PRODUCT_NAME = "Comment Wrapper";
				PROVISIONING_PROFILE = "b08a48ba-3ea8-488b-a6f7-4f611e75051d";
				PROVISIONING_PROFILE_SPECIFIER = "XcodeCommentWrapper-macOS-AdHoc";
				SWIFT_VERSION = 5.0;
			};
			name = Release;
		};
		67A3C08B207822B100E93876 /* Debug */ = {
			isa = XCBuildConfiguration;
			buildSettings = {
				ALWAYS_EMBED_SWIFT_STANDARD_LIBRARIES = YES;
				BUNDLE_LOADER = "$(TEST_HOST)";
				CODE_SIGN_IDENTITY = "Mac Developer";
				CODE_SIGN_STYLE = Automatic;
				COMBINE_HIDPI_IMAGES = YES;
				DEVELOPMENT_TEAM = VAA3W4LPY2;
				INFOPLIST_FILE = CommentWrapperTests/Info.plist;
				LD_RUNPATH_SEARCH_PATHS = (
					"$(inherited)",
					"@executable_path/../Frameworks",
					"@loader_path/../Frameworks",
				);
				PRODUCT_BUNDLE_IDENTIFIER = SteveBarnegren.CommentWrapperTests;
				PRODUCT_NAME = "$(TARGET_NAME)";
				PROVISIONING_PROFILE_SPECIFIER = "";
				SWIFT_VERSION = 5.0;
				TEST_HOST = "$(BUILT_PRODUCTS_DIR)/Comment Wrapper.app/Contents/MacOS/Comment Wrapper";
			};
			name = Debug;
		};
		67A3C08C207822B100E93876 /* Release */ = {
			isa = XCBuildConfiguration;
			buildSettings = {
				ALWAYS_EMBED_SWIFT_STANDARD_LIBRARIES = YES;
				BUNDLE_LOADER = "$(TEST_HOST)";
				CODE_SIGN_IDENTITY = "Mac Developer";
				CODE_SIGN_STYLE = Automatic;
				COMBINE_HIDPI_IMAGES = YES;
				DEVELOPMENT_TEAM = VAA3W4LPY2;
				INFOPLIST_FILE = CommentWrapperTests/Info.plist;
				LD_RUNPATH_SEARCH_PATHS = (
					"$(inherited)",
					"@executable_path/../Frameworks",
					"@loader_path/../Frameworks",
				);
				PRODUCT_BUNDLE_IDENTIFIER = SteveBarnegren.CommentWrapperTests;
				PRODUCT_NAME = "$(TARGET_NAME)";
				PROVISIONING_PROFILE_SPECIFIER = "";
				SWIFT_VERSION = 5.0;
				TEST_HOST = "$(BUILT_PRODUCTS_DIR)/Comment Wrapper.app/Contents/MacOS/Comment Wrapper";
			};
			name = Release;
		};
		67A3C0A0207822DD00E93876 /* Debug */ = {
			isa = XCBuildConfiguration;
			buildSettings = {
				CODE_SIGN_ENTITLEMENTS = CommentWrapperExt/CommentWrapperExt.entitlements;
				CODE_SIGN_IDENTITY = "Mac Developer";
				CODE_SIGN_STYLE = Manual;
				COMBINE_HIDPI_IMAGES = YES;
				DEVELOPMENT_TEAM = VAA3W4LPY2;
				INFOPLIST_FILE = CommentWrapperExt/Info.plist;
				LD_RUNPATH_SEARCH_PATHS = (
					"$(inherited)",
					"@executable_path/../Frameworks",
					"@executable_path/../../../../Frameworks",
				);
				PRODUCT_BUNDLE_IDENTIFIER = com.stevebarnegren.xcodecommentwrapperext;
				PRODUCT_MODULE_NAME = Comment_Wrapper_Ext;
				PRODUCT_NAME = "$(TARGET_NAME)";
				PROVISIONING_PROFILE = "6124f69c-ec06-4601-82c5-7b59a9be6f1c";
				PROVISIONING_PROFILE_SPECIFIER = "XcodeCommentWrapperExt-macOS-Development";
				SKIP_INSTALL = YES;
				SWIFT_VERSION = 5.0;
			};
			name = Debug;
		};
		67A3C0A1207822DD00E93876 /* Release */ = {
			isa = XCBuildConfiguration;
			buildSettings = {
				CODE_SIGN_ENTITLEMENTS = CommentWrapperExt/CommentWrapperExt.entitlements;
				CODE_SIGN_IDENTITY = "Developer ID Application";
				CODE_SIGN_STYLE = Manual;
				COMBINE_HIDPI_IMAGES = YES;
				DEVELOPMENT_TEAM = VAA3W4LPY2;
				INFOPLIST_FILE = CommentWrapperExt/Info.plist;
				LD_RUNPATH_SEARCH_PATHS = (
					"$(inherited)",
					"@executable_path/../Frameworks",
					"@executable_path/../../../../Frameworks",
				);
				PRODUCT_BUNDLE_IDENTIFIER = com.stevebarnegren.xcodecommentwrapperext;
				PRODUCT_MODULE_NAME = Comment_Wrapper_Ext;
				PRODUCT_NAME = "$(TARGET_NAME)";
				PROVISIONING_PROFILE = "09b44ae6-a2ad-462d-b720-4ab39eb1263e";
				PROVISIONING_PROFILE_SPECIFIER = "XcodeCommentWrapperExt-macOS-AdHoc";
				SKIP_INSTALL = YES;
				SWIFT_VERSION = 5.0;
			};
			name = Release;
		};
/* End XCBuildConfiguration section */

/* Begin XCConfigurationList section */
		67A3C067207822B000E93876 /* Build configuration list for PBXProject "CommentWrapper" */ = {
			isa = XCConfigurationList;
			buildConfigurations = (
				67A3C085207822B100E93876 /* Debug */,
				67A3C086207822B100E93876 /* Release */,
			);
			defaultConfigurationIsVisible = 0;
			defaultConfigurationName = Release;
		};
		67A3C087207822B100E93876 /* Build configuration list for PBXNativeTarget "Comment Wrapper Host" */ = {
			isa = XCConfigurationList;
			buildConfigurations = (
				67A3C088207822B100E93876 /* Debug */,
				67A3C089207822B100E93876 /* Release */,
			);
			defaultConfigurationIsVisible = 0;
			defaultConfigurationName = Release;
		};
		67A3C08A207822B100E93876 /* Build configuration list for PBXNativeTarget "CommentWrapperTests" */ = {
			isa = XCConfigurationList;
			buildConfigurations = (
				67A3C08B207822B100E93876 /* Debug */,
				67A3C08C207822B100E93876 /* Release */,
			);
			defaultConfigurationIsVisible = 0;
			defaultConfigurationName = Release;
		};
		67A3C09F207822DD00E93876 /* Build configuration list for PBXNativeTarget "Comment Wrapper" */ = {
			isa = XCConfigurationList;
			buildConfigurations = (
				67A3C0A0207822DD00E93876 /* Debug */,
				67A3C0A1207822DD00E93876 /* Release */,
			);
			defaultConfigurationIsVisible = 0;
			defaultConfigurationName = Release;
		};
/* End XCConfigurationList section */

/* Begin XCRemoteSwiftPackageReference section */
		6789796425B448CA000D11DB /* XCRemoteSwiftPackageReference "SBAutoLayout" */ = {
			isa = XCRemoteSwiftPackageReference;
			repositoryURL = "https://github.com/SteveBarnegren/SBAutoLayout";
			requirement = {
				kind = exactVersion;
				version = 1.3.1;
			};
		};
		6789796B25B448F6000D11DB /* XCRemoteSwiftPackageReference "AttributedStringBuilder" */ = {
			isa = XCRemoteSwiftPackageReference;
			repositoryURL = "https://github.com/SteveBarnegren/AttributedStringBuilder";
			requirement = {
				kind = exactVersion;
				version = 1.2.0;
			};
		};
/* End XCRemoteSwiftPackageReference section */

/* Begin XCSwiftPackageProductDependency section */
		6789796525B448CA000D11DB /* SBAutoLayout */ = {
			isa = XCSwiftPackageProductDependency;
			package = 6789796425B448CA000D11DB /* XCRemoteSwiftPackageReference "SBAutoLayout" */;
			productName = SBAutoLayout;
		};
		6789796C25B448F6000D11DB /* AttributedStringBuilder */ = {
			isa = XCSwiftPackageProductDependency;
			package = 6789796B25B448F6000D11DB /* XCRemoteSwiftPackageReference "AttributedStringBuilder" */;
			productName = AttributedStringBuilder;
		};
/* End XCSwiftPackageProductDependency section */
	};
	rootObject = 67A3C064207822B000E93876 /* Project object */;
}
