// !$*UTF8*$!
{
	archiveVersion = 1;
	classes = {
	};
	objectVersion = 48;
	objects = {

/* Begin PBXBuildFile section */
		45ADB32CFC98D59469ADEF3F /* Pods_CommentWrapperTests.framework in Frameworks */ = {isa = PBXBuildFile; fileRef = D32D96A8A516F1DE7B9DE6D5 /* Pods_CommentWrapperTests.framework */; };
		6720E7E2208B7E1200D07850 /* CommentWrapper.swift in Sources */ = {isa = PBXBuildFile; fileRef = 67A3C0A32078260E00E93876 /* CommentWrapper.swift */; };
		6720E7E3208B7E1700D07850 /* CommentUnwrapper.swift in Sources */ = {isa = PBXBuildFile; fileRef = 67A3C0B6207A89F700E93876 /* CommentUnwrapper.swift */; };
		6720E7E5208B827C00D07850 /* ContentBuilder.swift in Sources */ = {isa = PBXBuildFile; fileRef = 6720E7E4208B827C00D07850 /* ContentBuilder.swift */; };
		672771C1208B486F00256933 /* IntroductionViewController.swift in Sources */ = {isa = PBXBuildFile; fileRef = 672771BF208B486F00256933 /* IntroductionViewController.swift */; };
		672771C2208B486F00256933 /* IntroductionViewController.xib in Resources */ = {isa = PBXBuildFile; fileRef = 672771C0208B486F00256933 /* IntroductionViewController.xib */; };
		672771C6208B4B8700256933 /* InstallationInstructionsViewController.swift in Sources */ = {isa = PBXBuildFile; fileRef = 672771C4208B4B8700256933 /* InstallationInstructionsViewController.swift */; };
		672771C7208B4B8700256933 /* InstallationInstructionsViewController.xib in Resources */ = {isa = PBXBuildFile; fileRef = 672771C5208B4B8700256933 /* InstallationInstructionsViewController.xib */; };
		672771CC208B4BFB00256933 /* AboutViewController.swift in Sources */ = {isa = PBXBuildFile; fileRef = 672771CA208B4BFB00256933 /* AboutViewController.swift */; };
		672771CD208B4BFB00256933 /* AboutViewController.xib in Resources */ = {isa = PBXBuildFile; fileRef = 672771CB208B4BFB00256933 /* AboutViewController.xib */; };
		678F0EE020853DB300D94D9D /* ItemizerTests.swift in Sources */ = {isa = PBXBuildFile; fileRef = 678F0EDF20853DB300D94D9D /* ItemizerTests.swift */; };
		678F0EE220853EE400D94D9D /* StringItemTests.swift in Sources */ = {isa = PBXBuildFile; fileRef = 678F0EE120853EE400D94D9D /* StringItemTests.swift */; };
		67A3C070207822B000E93876 /* AppDelegate.swift in Sources */ = {isa = PBXBuildFile; fileRef = 67A3C06F207822B000E93876 /* AppDelegate.swift */; };
		67A3C072207822B000E93876 /* ViewController.swift in Sources */ = {isa = PBXBuildFile; fileRef = 67A3C071207822B000E93876 /* ViewController.swift */; };
		67A3C074207822B000E93876 /* Assets.xcassets in Resources */ = {isa = PBXBuildFile; fileRef = 67A3C073207822B000E93876 /* Assets.xcassets */; };
		67A3C077207822B000E93876 /* Main.storyboard in Resources */ = {isa = PBXBuildFile; fileRef = 67A3C075207822B000E93876 /* Main.storyboard */; };
		67A3C083207822B100E93876 /* CommentWrapperTests.swift in Sources */ = {isa = PBXBuildFile; fileRef = 67A3C082207822B100E93876 /* CommentWrapperTests.swift */; };
		67A3C094207822DD00E93876 /* Cocoa.framework in Frameworks */ = {isa = PBXBuildFile; fileRef = 67A3C093207822DD00E93876 /* Cocoa.framework */; };
		67A3C097207822DD00E93876 /* SourceEditorExtension.swift in Sources */ = {isa = PBXBuildFile; fileRef = 67A3C096207822DD00E93876 /* SourceEditorExtension.swift */; };
		67A3C099207822DD00E93876 /* SourceEditorCommand.swift in Sources */ = {isa = PBXBuildFile; fileRef = 67A3C098207822DD00E93876 /* SourceEditorCommand.swift */; };
		67A3C09E207822DD00E93876 /* Comment Wrapper.appex in Embed App Extensions */ = {isa = PBXBuildFile; fileRef = 67A3C091207822DD00E93876 /* Comment Wrapper.appex */; settings = {ATTRIBUTES = (RemoveHeadersOnCopy, ); }; };
		67A3C0A42078260E00E93876 /* CommentWrapper.swift in Sources */ = {isa = PBXBuildFile; fileRef = 67A3C0A32078260E00E93876 /* CommentWrapper.swift */; };
		67A3C0A5207829FB00E93876 /* CommentWrapper.swift in Sources */ = {isa = PBXBuildFile; fileRef = 67A3C0A32078260E00E93876 /* CommentWrapper.swift */; };
		67A3C0A8207A847900E93876 /* String+Extensions.swift in Sources */ = {isa = PBXBuildFile; fileRef = 67A3C0A7207A847900E93876 /* String+Extensions.swift */; };
		67A3C0AD207A84DA00E93876 /* String+ExtensionsTests.swift in Sources */ = {isa = PBXBuildFile; fileRef = 67A3C0AC207A84DA00E93876 /* String+ExtensionsTests.swift */; };
		67A3C0AE207A852D00E93876 /* String+Extensions.swift in Sources */ = {isa = PBXBuildFile; fileRef = 67A3C0A7207A847900E93876 /* String+Extensions.swift */; };
		67A3C0AF207A855C00E93876 /* String+Extensions.swift in Sources */ = {isa = PBXBuildFile; fileRef = 67A3C0A7207A847900E93876 /* String+Extensions.swift */; };
		67A3C0B1207A886700E93876 /* Character+Extensions.swift in Sources */ = {isa = PBXBuildFile; fileRef = 67A3C0B0207A886700E93876 /* Character+Extensions.swift */; };
		67A3C0B3207A88E800E93876 /* Character+ExtensionsTests.swift in Sources */ = {isa = PBXBuildFile; fileRef = 67A3C0B2207A88E800E93876 /* Character+ExtensionsTests.swift */; };
		67A3C0B4207A896E00E93876 /* Character+Extensions.swift in Sources */ = {isa = PBXBuildFile; fileRef = 67A3C0B0207A886700E93876 /* Character+Extensions.swift */; };
		67A3C0B5207A896F00E93876 /* Character+Extensions.swift in Sources */ = {isa = PBXBuildFile; fileRef = 67A3C0B0207A886700E93876 /* Character+Extensions.swift */; };
		67A3C0B7207A89F700E93876 /* CommentUnwrapper.swift in Sources */ = {isa = PBXBuildFile; fileRef = 67A3C0B6207A89F700E93876 /* CommentUnwrapper.swift */; };
		67A3C0B8207A89F700E93876 /* CommentUnwrapper.swift in Sources */ = {isa = PBXBuildFile; fileRef = 67A3C0B6207A89F700E93876 /* CommentUnwrapper.swift */; };
		67A3C0BA207A8AE600E93876 /* Itemizer.swift in Sources */ = {isa = PBXBuildFile; fileRef = 67A3C0B9207A8AE600E93876 /* Itemizer.swift */; };
		67A3C0BB207A8AE600E93876 /* Itemizer.swift in Sources */ = {isa = PBXBuildFile; fileRef = 67A3C0B9207A8AE600E93876 /* Itemizer.swift */; };
		67A3C0BC207A8B8900E93876 /* Itemizer.swift in Sources */ = {isa = PBXBuildFile; fileRef = 67A3C0B9207A8AE600E93876 /* Itemizer.swift */; };
		67A3C0BE207A8D3E00E93876 /* CommentUnwrapperTests.swift in Sources */ = {isa = PBXBuildFile; fileRef = 67A3C0BD207A8D3E00E93876 /* CommentUnwrapperTests.swift */; };
		67A3C0C0207A8D5B00E93876 /* TestStrings.swift in Sources */ = {isa = PBXBuildFile; fileRef = 67A3C0BF207A8D5B00E93876 /* TestStrings.swift */; };
		8873D690FD2917602489ACA7 /* Pods_CommentWrapper.framework in Frameworks */ = {isa = PBXBuildFile; fileRef = 028C140B1114402741DEC3E5 /* Pods_CommentWrapper.framework */; };
		EEDAA6D32A6B137E46349E37 /* Pods_Comment_Wrapper.framework in Frameworks */ = {isa = PBXBuildFile; fileRef = BB8AAB9CFC03567B02B1EEF1 /* Pods_Comment_Wrapper.framework */; };
/* End PBXBuildFile section */

/* Begin PBXContainerItemProxy section */
		67A3C07F207822B100E93876 /* PBXContainerItemProxy */ = {
			isa = PBXContainerItemProxy;
			containerPortal = 67A3C064207822B000E93876 /* Project object */;
			proxyType = 1;
			remoteGlobalIDString = 67A3C06B207822B000E93876;
			remoteInfo = CommentWrapper;
		};
		67A3C09C207822DD00E93876 /* PBXContainerItemProxy */ = {
			isa = PBXContainerItemProxy;
			containerPortal = 67A3C064207822B000E93876 /* Project object */;
			proxyType = 1;
			remoteGlobalIDString = 67A3C090207822DD00E93876;
			remoteInfo = CommentWrapperExt;
		};
/* End PBXContainerItemProxy section */

/* Begin PBXCopyFilesBuildPhase section */
		67A3C0A2207822DD00E93876 /* Embed App Extensions */ = {
			isa = PBXCopyFilesBuildPhase;
			buildActionMask = 2147483647;
			dstPath = "";
			dstSubfolderSpec = 13;
			files = (
				67A3C09E207822DD00E93876 /* Comment Wrapper.appex in Embed App Extensions */,
			);
			name = "Embed App Extensions";
			runOnlyForDeploymentPostprocessing = 0;
		};
/* End PBXCopyFilesBuildPhase section */

/* Begin PBXFileReference section */
		028C140B1114402741DEC3E5 /* Pods_CommentWrapper.framework */ = {isa = PBXFileReference; explicitFileType = wrapper.framework; includeInIndex = 0; path = Pods_CommentWrapper.framework; sourceTree = BUILT_PRODUCTS_DIR; };
		35E3C3C8B355FAD48A618C54 /* Pods-Comment Wrapper.debug.xcconfig */ = {isa = PBXFileReference; includeInIndex = 1; lastKnownFileType = text.xcconfig; name = "Pods-Comment Wrapper.debug.xcconfig"; path = "Pods/Target Support Files/Pods-Comment Wrapper/Pods-Comment Wrapper.debug.xcconfig"; sourceTree = "<group>"; };
		3902CE9BF190914279C5C9CA /* Pods-CommentWrapperTests.release.xcconfig */ = {isa = PBXFileReference; includeInIndex = 1; lastKnownFileType = text.xcconfig; name = "Pods-CommentWrapperTests.release.xcconfig"; path = "Pods/Target Support Files/Pods-CommentWrapperTests/Pods-CommentWrapperTests.release.xcconfig"; sourceTree = "<group>"; };
		5C790BC00E7E4EB185A99F09 /* Pods-CommentWrapperTests.debug.xcconfig */ = {isa = PBXFileReference; includeInIndex = 1; lastKnownFileType = text.xcconfig; name = "Pods-CommentWrapperTests.debug.xcconfig"; path = "Pods/Target Support Files/Pods-CommentWrapperTests/Pods-CommentWrapperTests.debug.xcconfig"; sourceTree = "<group>"; };
		6720E7E4208B827C00D07850 /* ContentBuilder.swift */ = {isa = PBXFileReference; lastKnownFileType = sourcecode.swift; path = ContentBuilder.swift; sourceTree = "<group>"; };
		672771BF208B486F00256933 /* IntroductionViewController.swift */ = {isa = PBXFileReference; lastKnownFileType = sourcecode.swift; path = IntroductionViewController.swift; sourceTree = "<group>"; };
		672771C0208B486F00256933 /* IntroductionViewController.xib */ = {isa = PBXFileReference; lastKnownFileType = file.xib; path = IntroductionViewController.xib; sourceTree = "<group>"; };
		672771C4208B4B8700256933 /* InstallationInstructionsViewController.swift */ = {isa = PBXFileReference; lastKnownFileType = sourcecode.swift; path = InstallationInstructionsViewController.swift; sourceTree = "<group>"; };
		672771C5208B4B8700256933 /* InstallationInstructionsViewController.xib */ = {isa = PBXFileReference; lastKnownFileType = file.xib; path = InstallationInstructionsViewController.xib; sourceTree = "<group>"; };
		672771CA208B4BFB00256933 /* AboutViewController.swift */ = {isa = PBXFileReference; lastKnownFileType = sourcecode.swift; path = AboutViewController.swift; sourceTree = "<group>"; };
		672771CB208B4BFB00256933 /* AboutViewController.xib */ = {isa = PBXFileReference; lastKnownFileType = file.xib; path = AboutViewController.xib; sourceTree = "<group>"; };
		678F0EDF20853DB300D94D9D /* ItemizerTests.swift */ = {isa = PBXFileReference; lastKnownFileType = sourcecode.swift; path = ItemizerTests.swift; sourceTree = "<group>"; };
		678F0EE120853EE400D94D9D /* StringItemTests.swift */ = {isa = PBXFileReference; lastKnownFileType = sourcecode.swift; path = StringItemTests.swift; sourceTree = "<group>"; };
		67A3C06C207822B000E93876 /* CommentWrapper.app */ = {isa = PBXFileReference; explicitFileType = wrapper.application; includeInIndex = 0; path = CommentWrapper.app; sourceTree = BUILT_PRODUCTS_DIR; };
		67A3C06F207822B000E93876 /* AppDelegate.swift */ = {isa = PBXFileReference; lastKnownFileType = sourcecode.swift; path = AppDelegate.swift; sourceTree = "<group>"; };
		67A3C071207822B000E93876 /* ViewController.swift */ = {isa = PBXFileReference; lastKnownFileType = sourcecode.swift; path = ViewController.swift; sourceTree = "<group>"; };
		67A3C073207822B000E93876 /* Assets.xcassets */ = {isa = PBXFileReference; lastKnownFileType = folder.assetcatalog; path = Assets.xcassets; sourceTree = "<group>"; };
		67A3C076207822B000E93876 /* Base */ = {isa = PBXFileReference; lastKnownFileType = file.storyboard; name = Base; path = Base.lproj/Main.storyboard; sourceTree = "<group>"; };
		67A3C078207822B100E93876 /* Info.plist */ = {isa = PBXFileReference; lastKnownFileType = text.plist.xml; path = Info.plist; sourceTree = "<group>"; };
		67A3C079207822B100E93876 /* CommentWrapper.entitlements */ = {isa = PBXFileReference; lastKnownFileType = text.plist.entitlements; path = CommentWrapper.entitlements; sourceTree = "<group>"; };
		67A3C07E207822B100E93876 /* CommentWrapperTests.xctest */ = {isa = PBXFileReference; explicitFileType = wrapper.cfbundle; includeInIndex = 0; path = CommentWrapperTests.xctest; sourceTree = BUILT_PRODUCTS_DIR; };
		67A3C082207822B100E93876 /* CommentWrapperTests.swift */ = {isa = PBXFileReference; lastKnownFileType = sourcecode.swift; path = CommentWrapperTests.swift; sourceTree = "<group>"; };
		67A3C084207822B100E93876 /* Info.plist */ = {isa = PBXFileReference; lastKnownFileType = text.plist.xml; path = Info.plist; sourceTree = "<group>"; };
		67A3C091207822DD00E93876 /* Comment Wrapper.appex */ = {isa = PBXFileReference; explicitFileType = "wrapper.app-extension"; includeInIndex = 0; path = "Comment Wrapper.appex"; sourceTree = BUILT_PRODUCTS_DIR; };
		67A3C093207822DD00E93876 /* Cocoa.framework */ = {isa = PBXFileReference; lastKnownFileType = wrapper.framework; name = Cocoa.framework; path = System/Library/Frameworks/Cocoa.framework; sourceTree = SDKROOT; };
		67A3C096207822DD00E93876 /* SourceEditorExtension.swift */ = {isa = PBXFileReference; lastKnownFileType = sourcecode.swift; path = SourceEditorExtension.swift; sourceTree = "<group>"; };
		67A3C098207822DD00E93876 /* SourceEditorCommand.swift */ = {isa = PBXFileReference; lastKnownFileType = sourcecode.swift; path = SourceEditorCommand.swift; sourceTree = "<group>"; };
		67A3C09A207822DD00E93876 /* Info.plist */ = {isa = PBXFileReference; lastKnownFileType = text.plist.xml; path = Info.plist; sourceTree = "<group>"; };
		67A3C09B207822DD00E93876 /* CommentWrapperExt.entitlements */ = {isa = PBXFileReference; lastKnownFileType = text.plist.entitlements; path = CommentWrapperExt.entitlements; sourceTree = "<group>"; };
		67A3C0A32078260E00E93876 /* CommentWrapper.swift */ = {isa = PBXFileReference; lastKnownFileType = sourcecode.swift; path = CommentWrapper.swift; sourceTree = "<group>"; };
		67A3C0A7207A847900E93876 /* String+Extensions.swift */ = {isa = PBXFileReference; lastKnownFileType = sourcecode.swift; path = "String+Extensions.swift"; sourceTree = "<group>"; };
		67A3C0AC207A84DA00E93876 /* String+ExtensionsTests.swift */ = {isa = PBXFileReference; lastKnownFileType = sourcecode.swift; path = "String+ExtensionsTests.swift"; sourceTree = "<group>"; };
		67A3C0B0207A886700E93876 /* Character+Extensions.swift */ = {isa = PBXFileReference; lastKnownFileType = sourcecode.swift; path = "Character+Extensions.swift"; sourceTree = "<group>"; };
		67A3C0B2207A88E800E93876 /* Character+ExtensionsTests.swift */ = {isa = PBXFileReference; lastKnownFileType = sourcecode.swift; path = "Character+ExtensionsTests.swift"; sourceTree = "<group>"; };
		67A3C0B6207A89F700E93876 /* CommentUnwrapper.swift */ = {isa = PBXFileReference; lastKnownFileType = sourcecode.swift; path = CommentUnwrapper.swift; sourceTree = "<group>"; };
		67A3C0B9207A8AE600E93876 /* Itemizer.swift */ = {isa = PBXFileReference; lastKnownFileType = sourcecode.swift; path = Itemizer.swift; sourceTree = "<group>"; };
		67A3C0BD207A8D3E00E93876 /* CommentUnwrapperTests.swift */ = {isa = PBXFileReference; lastKnownFileType = sourcecode.swift; path = CommentUnwrapperTests.swift; sourceTree = "<group>"; };
		67A3C0BF207A8D5B00E93876 /* TestStrings.swift */ = {isa = PBXFileReference; lastKnownFileType = sourcecode.swift; path = TestStrings.swift; sourceTree = "<group>"; };
		8C6EDAB4B134FD72D9E33116 /* Pods-CommentWrapper.debug.xcconfig */ = {isa = PBXFileReference; includeInIndex = 1; lastKnownFileType = text.xcconfig; name = "Pods-CommentWrapper.debug.xcconfig"; path = "Pods/Target Support Files/Pods-CommentWrapper/Pods-CommentWrapper.debug.xcconfig"; sourceTree = "<group>"; };
		BB8AAB9CFC03567B02B1EEF1 /* Pods_Comment_Wrapper.framework */ = {isa = PBXFileReference; explicitFileType = wrapper.framework; includeInIndex = 0; path = Pods_Comment_Wrapper.framework; sourceTree = BUILT_PRODUCTS_DIR; };
		D32D96A8A516F1DE7B9DE6D5 /* Pods_CommentWrapperTests.framework */ = {isa = PBXFileReference; explicitFileType = wrapper.framework; includeInIndex = 0; path = Pods_CommentWrapperTests.framework; sourceTree = BUILT_PRODUCTS_DIR; };
		D5DAF995A2E1EB4D79D1EFC5 /* Pods-CommentWrapper.release.xcconfig */ = {isa = PBXFileReference; includeInIndex = 1; lastKnownFileType = text.xcconfig; name = "Pods-CommentWrapper.release.xcconfig"; path = "Pods/Target Support Files/Pods-CommentWrapper/Pods-CommentWrapper.release.xcconfig"; sourceTree = "<group>"; };
		F4C3DDAA381B45000238588E /* Pods-Comment Wrapper.release.xcconfig */ = {isa = PBXFileReference; includeInIndex = 1; lastKnownFileType = text.xcconfig; name = "Pods-Comment Wrapper.release.xcconfig"; path = "Pods/Target Support Files/Pods-Comment Wrapper/Pods-Comment Wrapper.release.xcconfig"; sourceTree = "<group>"; };
/* End PBXFileReference section */

/* Begin PBXFrameworksBuildPhase section */
		67A3C069207822B000E93876 /* Frameworks */ = {
			isa = PBXFrameworksBuildPhase;
			buildActionMask = 2147483647;
			files = (
				8873D690FD2917602489ACA7 /* Pods_CommentWrapper.framework in Frameworks */,
			);
			runOnlyForDeploymentPostprocessing = 0;
		};
		67A3C07B207822B100E93876 /* Frameworks */ = {
			isa = PBXFrameworksBuildPhase;
			buildActionMask = 2147483647;
			files = (
				45ADB32CFC98D59469ADEF3F /* Pods_CommentWrapperTests.framework in Frameworks */,
			);
			runOnlyForDeploymentPostprocessing = 0;
		};
		67A3C08E207822DD00E93876 /* Frameworks */ = {
			isa = PBXFrameworksBuildPhase;
			buildActionMask = 2147483647;
			files = (
				67A3C094207822DD00E93876 /* Cocoa.framework in Frameworks */,
				EEDAA6D32A6B137E46349E37 /* Pods_Comment_Wrapper.framework in Frameworks */,
			);
			runOnlyForDeploymentPostprocessing = 0;
		};
/* End PBXFrameworksBuildPhase section */

/* Begin PBXGroup section */
		672771C3208B4B6C00256933 /* Introduction */ = {
			isa = PBXGroup;
			children = (
				672771BF208B486F00256933 /* IntroductionViewController.swift */,
				672771C0208B486F00256933 /* IntroductionViewController.xib */,
			);
			path = Introduction;
			sourceTree = "<group>";
		};
		672771C8208B4B9D00256933 /* Installation Instructions */ = {
			isa = PBXGroup;
			children = (
				672771C4208B4B8700256933 /* InstallationInstructionsViewController.swift */,
				672771C5208B4B8700256933 /* InstallationInstructionsViewController.xib */,
			);
			path = "Installation Instructions";
			sourceTree = "<group>";
		};
		672771C9208B4BE900256933 /* About */ = {
			isa = PBXGroup;
			children = (
				672771CA208B4BFB00256933 /* AboutViewController.swift */,
				672771CB208B4BFB00256933 /* AboutViewController.xib */,
			);
			path = About;
			sourceTree = "<group>";
		};
		67A3C063207822B000E93876 = {
			isa = PBXGroup;
			children = (
				67A3C0A6207A845D00E93876 /* Extensions */,
				67A3C06E207822B000E93876 /* CommentWrapper */,
				67A3C095207822DD00E93876 /* CommentWrapperExt */,
				67A3C081207822B100E93876 /* CommentWrapperTests */,
				67A3C092207822DD00E93876 /* Frameworks */,
				67A3C06D207822B000E93876 /* Products */,
				EFB0F4C3599867C35DC0812D /* Pods */,
			);
			sourceTree = "<group>";
		};
		67A3C06D207822B000E93876 /* Products */ = {
			isa = PBXGroup;
			children = (
				67A3C06C207822B000E93876 /* CommentWrapper.app */,
				67A3C07E207822B100E93876 /* CommentWrapperTests.xctest */,
				67A3C091207822DD00E93876 /* Comment Wrapper.appex */,
			);
			name = Products;
			sourceTree = "<group>";
		};
		67A3C06E207822B000E93876 /* CommentWrapper */ = {
			isa = PBXGroup;
			children = (
				67A3C06F207822B000E93876 /* AppDelegate.swift */,
				67A3C071207822B000E93876 /* ViewController.swift */,
				6720E7E4208B827C00D07850 /* ContentBuilder.swift */,
				672771C3208B4B6C00256933 /* Introduction */,
				672771C8208B4B9D00256933 /* Installation Instructions */,
				672771C9208B4BE900256933 /* About */,
				67A3C073207822B000E93876 /* Assets.xcassets */,
				67A3C075207822B000E93876 /* Main.storyboard */,
				67A3C078207822B100E93876 /* Info.plist */,
				67A3C079207822B100E93876 /* CommentWrapper.entitlements */,
			);
			path = CommentWrapper;
			sourceTree = "<group>";
		};
		67A3C081207822B100E93876 /* CommentWrapperTests */ = {
			isa = PBXGroup;
			children = (
				67A3C0BF207A8D5B00E93876 /* TestStrings.swift */,
				67A3C0B2207A88E800E93876 /* Character+ExtensionsTests.swift */,
				67A3C0AC207A84DA00E93876 /* String+ExtensionsTests.swift */,
				67A3C082207822B100E93876 /* CommentWrapperTests.swift */,
				67A3C0BD207A8D3E00E93876 /* CommentUnwrapperTests.swift */,
				678F0EDF20853DB300D94D9D /* ItemizerTests.swift */,
				678F0EE120853EE400D94D9D /* StringItemTests.swift */,
				67A3C084207822B100E93876 /* Info.plist */,
			);
			path = CommentWrapperTests;
			sourceTree = "<group>";
		};
		67A3C092207822DD00E93876 /* Frameworks */ = {
			isa = PBXGroup;
			children = (
				67A3C093207822DD00E93876 /* Cocoa.framework */,
				BB8AAB9CFC03567B02B1EEF1 /* Pods_Comment_Wrapper.framework */,
				028C140B1114402741DEC3E5 /* Pods_CommentWrapper.framework */,
				D32D96A8A516F1DE7B9DE6D5 /* Pods_CommentWrapperTests.framework */,
			);
			name = Frameworks;
			sourceTree = "<group>";
		};
		67A3C095207822DD00E93876 /* CommentWrapperExt */ = {
			isa = PBXGroup;
			children = (
				67A3C096207822DD00E93876 /* SourceEditorExtension.swift */,
				67A3C098207822DD00E93876 /* SourceEditorCommand.swift */,
				67A3C0B9207A8AE600E93876 /* Itemizer.swift */,
				67A3C0A32078260E00E93876 /* CommentWrapper.swift */,
				67A3C0B6207A89F700E93876 /* CommentUnwrapper.swift */,
				67A3C09A207822DD00E93876 /* Info.plist */,
				67A3C09B207822DD00E93876 /* CommentWrapperExt.entitlements */,
			);
			path = CommentWrapperExt;
			sourceTree = "<group>";
		};
		67A3C0A6207A845D00E93876 /* Extensions */ = {
			isa = PBXGroup;
			children = (
				67A3C0B0207A886700E93876 /* Character+Extensions.swift */,
				67A3C0A7207A847900E93876 /* String+Extensions.swift */,
			);
			path = Extensions;
			sourceTree = "<group>";
		};
		EFB0F4C3599867C35DC0812D /* Pods */ = {
			isa = PBXGroup;
			children = (
				35E3C3C8B355FAD48A618C54 /* Pods-Comment Wrapper.debug.xcconfig */,
				F4C3DDAA381B45000238588E /* Pods-Comment Wrapper.release.xcconfig */,
				8C6EDAB4B134FD72D9E33116 /* Pods-CommentWrapper.debug.xcconfig */,
				D5DAF995A2E1EB4D79D1EFC5 /* Pods-CommentWrapper.release.xcconfig */,
				5C790BC00E7E4EB185A99F09 /* Pods-CommentWrapperTests.debug.xcconfig */,
				3902CE9BF190914279C5C9CA /* Pods-CommentWrapperTests.release.xcconfig */,
			);
			name = Pods;
			sourceTree = "<group>";
		};
/* End PBXGroup section */

/* Begin PBXNativeTarget section */
		67A3C06B207822B000E93876 /* CommentWrapper */ = {
			isa = PBXNativeTarget;
			buildConfigurationList = 67A3C087207822B100E93876 /* Build configuration list for PBXNativeTarget "CommentWrapper" */;
			buildPhases = (
				385FC302B8CD32E31A265D6F /* [CP] Check Pods Manifest.lock */,
				67A3C068207822B000E93876 /* Sources */,
				67A3C069207822B000E93876 /* Frameworks */,
				67A3C06A207822B000E93876 /* Resources */,
				67A3C0A2207822DD00E93876 /* Embed App Extensions */,
				5D33098BD3C30D1E1860D0DE /* [CP] Embed Pods Frameworks */,
				C6D3F48AAC2B86B08B157A1C /* [CP] Copy Pods Resources */,
			);
			buildRules = (
			);
			dependencies = (
				67A3C09D207822DD00E93876 /* PBXTargetDependency */,
			);
			name = CommentWrapper;
			productName = CommentWrapper;
			productReference = 67A3C06C207822B000E93876 /* CommentWrapper.app */;
			productType = "com.apple.product-type.application";
		};
		67A3C07D207822B100E93876 /* CommentWrapperTests */ = {
			isa = PBXNativeTarget;
			buildConfigurationList = 67A3C08A207822B100E93876 /* Build configuration list for PBXNativeTarget "CommentWrapperTests" */;
			buildPhases = (
				357E60B04EE68219AA05961B /* [CP] Check Pods Manifest.lock */,
				67A3C07A207822B100E93876 /* Sources */,
				67A3C07B207822B100E93876 /* Frameworks */,
				67A3C07C207822B100E93876 /* Resources */,
				89708C01B70AF2D49E3CCC60 /* [CP] Embed Pods Frameworks */,
				EF9942F881C557127FA35DF3 /* [CP] Copy Pods Resources */,
			);
			buildRules = (
			);
			dependencies = (
				67A3C080207822B100E93876 /* PBXTargetDependency */,
			);
			name = CommentWrapperTests;
			productName = CommentWrapperTests;
			productReference = 67A3C07E207822B100E93876 /* CommentWrapperTests.xctest */;
			productType = "com.apple.product-type.bundle.unit-test";
		};
		67A3C090207822DD00E93876 /* Comment Wrapper */ = {
			isa = PBXNativeTarget;
			buildConfigurationList = 67A3C09F207822DD00E93876 /* Build configuration list for PBXNativeTarget "Comment Wrapper" */;
			buildPhases = (
				15E58003E3929197A49FB7AA /* [CP] Check Pods Manifest.lock */,
				67A3C08D207822DD00E93876 /* Sources */,
				67A3C08E207822DD00E93876 /* Frameworks */,
				67A3C08F207822DD00E93876 /* Resources */,
				3DA3A9D2DF9D28E2D3EA6969 /* [CP] Copy Pods Resources */,
			);
			buildRules = (
			);
			dependencies = (
			);
			name = "Comment Wrapper";
			productName = CommentWrapperExt;
			productReference = 67A3C091207822DD00E93876 /* Comment Wrapper.appex */;
			productType = "com.apple.product-type.xcode-extension";
		};
/* End PBXNativeTarget section */

/* Begin PBXProject section */
		67A3C064207822B000E93876 /* Project object */ = {
			isa = PBXProject;
			attributes = {
				LastSwiftUpdateCheck = 0920;
				LastUpgradeCheck = 0920;
				ORGANIZATIONNAME = "Steve Barnegren";
				TargetAttributes = {
					67A3C06B207822B000E93876 = {
						CreatedOnToolsVersion = 9.2;
						ProvisioningStyle = Automatic;
					};
					67A3C07D207822B100E93876 = {
						CreatedOnToolsVersion = 9.2;
						ProvisioningStyle = Automatic;
						TestTargetID = 67A3C06B207822B000E93876;
					};
					67A3C090207822DD00E93876 = {
						CreatedOnToolsVersion = 9.2;
						ProvisioningStyle = Automatic;
					};
				};
			};
			buildConfigurationList = 67A3C067207822B000E93876 /* Build configuration list for PBXProject "CommentWrapper" */;
			compatibilityVersion = "Xcode 8.0";
			developmentRegion = en;
			hasScannedForEncodings = 0;
			knownRegions = (
				en,
				Base,
			);
			mainGroup = 67A3C063207822B000E93876;
			productRefGroup = 67A3C06D207822B000E93876 /* Products */;
			projectDirPath = "";
			projectRoot = "";
			targets = (
				67A3C06B207822B000E93876 /* CommentWrapper */,
				67A3C07D207822B100E93876 /* CommentWrapperTests */,
				67A3C090207822DD00E93876 /* Comment Wrapper */,
			);
		};
/* End PBXProject section */

/* Begin PBXResourcesBuildPhase section */
		67A3C06A207822B000E93876 /* Resources */ = {
			isa = PBXResourcesBuildPhase;
			buildActionMask = 2147483647;
			files = (
				67A3C074207822B000E93876 /* Assets.xcassets in Resources */,
				672771C7208B4B8700256933 /* InstallationInstructionsViewController.xib in Resources */,
				67A3C077207822B000E93876 /* Main.storyboard in Resources */,
				672771C2208B486F00256933 /* IntroductionViewController.xib in Resources */,
				672771CD208B4BFB00256933 /* AboutViewController.xib in Resources */,
			);
			runOnlyForDeploymentPostprocessing = 0;
		};
		67A3C07C207822B100E93876 /* Resources */ = {
			isa = PBXResourcesBuildPhase;
			buildActionMask = 2147483647;
			files = (
			);
			runOnlyForDeploymentPostprocessing = 0;
		};
		67A3C08F207822DD00E93876 /* Resources */ = {
			isa = PBXResourcesBuildPhase;
			buildActionMask = 2147483647;
			files = (
			);
			runOnlyForDeploymentPostprocessing = 0;
		};
/* End PBXResourcesBuildPhase section */

/* Begin PBXShellScriptBuildPhase section */
		15E58003E3929197A49FB7AA /* [CP] Check Pods Manifest.lock */ = {
			isa = PBXShellScriptBuildPhase;
			buildActionMask = 2147483647;
			files = (
			);
			inputPaths = (
				"${PODS_PODFILE_DIR_PATH}/Podfile.lock",
				"${PODS_ROOT}/Manifest.lock",
			);
			name = "[CP] Check Pods Manifest.lock";
			outputPaths = (
				"$(DERIVED_FILE_DIR)/Pods-Comment Wrapper-checkManifestLockResult.txt",
			);
			runOnlyForDeploymentPostprocessing = 0;
			shellPath = /bin/sh;
			shellScript = "diff \"${PODS_PODFILE_DIR_PATH}/Podfile.lock\" \"${PODS_ROOT}/Manifest.lock\" > /dev/null\nif [ $? != 0 ] ; then\n    # print error to STDERR\n    echo \"error: The sandbox is not in sync with the Podfile.lock. Run 'pod install' or update your CocoaPods installation.\" >&2\n    exit 1\nfi\n# This output is used by Xcode 'outputs' to avoid re-running this script phase.\necho \"SUCCESS\" > \"${SCRIPT_OUTPUT_FILE_0}\"\n";
			showEnvVarsInLog = 0;
		};
		357E60B04EE68219AA05961B /* [CP] Check Pods Manifest.lock */ = {
			isa = PBXShellScriptBuildPhase;
			buildActionMask = 2147483647;
			files = (
			);
			inputPaths = (
				"${PODS_PODFILE_DIR_PATH}/Podfile.lock",
				"${PODS_ROOT}/Manifest.lock",
			);
			name = "[CP] Check Pods Manifest.lock";
			outputPaths = (
				"$(DERIVED_FILE_DIR)/Pods-CommentWrapperTests-checkManifestLockResult.txt",
			);
			runOnlyForDeploymentPostprocessing = 0;
			shellPath = /bin/sh;
			shellScript = "diff \"${PODS_PODFILE_DIR_PATH}/Podfile.lock\" \"${PODS_ROOT}/Manifest.lock\" > /dev/null\nif [ $? != 0 ] ; then\n    # print error to STDERR\n    echo \"error: The sandbox is not in sync with the Podfile.lock. Run 'pod install' or update your CocoaPods installation.\" >&2\n    exit 1\nfi\n# This output is used by Xcode 'outputs' to avoid re-running this script phase.\necho \"SUCCESS\" > \"${SCRIPT_OUTPUT_FILE_0}\"\n";
			showEnvVarsInLog = 0;
		};
		385FC302B8CD32E31A265D6F /* [CP] Check Pods Manifest.lock */ = {
			isa = PBXShellScriptBuildPhase;
			buildActionMask = 2147483647;
			files = (
			);
			inputPaths = (
				"${PODS_PODFILE_DIR_PATH}/Podfile.lock",
				"${PODS_ROOT}/Manifest.lock",
			);
			name = "[CP] Check Pods Manifest.lock";
			outputPaths = (
				"$(DERIVED_FILE_DIR)/Pods-CommentWrapper-checkManifestLockResult.txt",
			);
			runOnlyForDeploymentPostprocessing = 0;
			shellPath = /bin/sh;
			shellScript = "diff \"${PODS_PODFILE_DIR_PATH}/Podfile.lock\" \"${PODS_ROOT}/Manifest.lock\" > /dev/null\nif [ $? != 0 ] ; then\n    # print error to STDERR\n    echo \"error: The sandbox is not in sync with the Podfile.lock. Run 'pod install' or update your CocoaPods installation.\" >&2\n    exit 1\nfi\n# This output is used by Xcode 'outputs' to avoid re-running this script phase.\necho \"SUCCESS\" > \"${SCRIPT_OUTPUT_FILE_0}\"\n";
			showEnvVarsInLog = 0;
		};
		3DA3A9D2DF9D28E2D3EA6969 /* [CP] Copy Pods Resources */ = {
			isa = PBXShellScriptBuildPhase;
			buildActionMask = 2147483647;
			files = (
			);
			inputPaths = (
			);
			name = "[CP] Copy Pods Resources";
			outputPaths = (
			);
			runOnlyForDeploymentPostprocessing = 0;
			shellPath = /bin/sh;
			shellScript = "\"${SRCROOT}/Pods/Target Support Files/Pods-Comment Wrapper/Pods-Comment Wrapper-resources.sh\"\n";
			showEnvVarsInLog = 0;
		};
		5D33098BD3C30D1E1860D0DE /* [CP] Embed Pods Frameworks */ = {
			isa = PBXShellScriptBuildPhase;
			buildActionMask = 2147483647;
			files = (
			);
			inputPaths = (
				"${SRCROOT}/Pods/Target Support Files/Pods-CommentWrapper/Pods-CommentWrapper-frameworks.sh",
				"${BUILT_PRODUCTS_DIR}/SBAutoLayout/SBAutoLayout.framework",
				"${BUILT_PRODUCTS_DIR}/AttributedStringBuilder/AttributedStringBuilder.framework",
			);
			name = "[CP] Embed Pods Frameworks";
			outputPaths = (
				"${TARGET_BUILD_DIR}/${FRAMEWORKS_FOLDER_PATH}/SBAutoLayout.framework",
				"${TARGET_BUILD_DIR}/${FRAMEWORKS_FOLDER_PATH}/AttributedStringBuilder.framework",
			);
			runOnlyForDeploymentPostprocessing = 0;
			shellPath = /bin/sh;
			shellScript = "\"${SRCROOT}/Pods/Target Support Files/Pods-CommentWrapper/Pods-CommentWrapper-frameworks.sh\"\n";
			showEnvVarsInLog = 0;
		};
		89708C01B70AF2D49E3CCC60 /* [CP] Embed Pods Frameworks */ = {
			isa = PBXShellScriptBuildPhase;
			buildActionMask = 2147483647;
			files = (
			);
			inputPaths = (
			);
			name = "[CP] Embed Pods Frameworks";
			outputPaths = (
			);
			runOnlyForDeploymentPostprocessing = 0;
			shellPath = /bin/sh;
			shellScript = "\"${SRCROOT}/Pods/Target Support Files/Pods-CommentWrapperTests/Pods-CommentWrapperTests-frameworks.sh\"\n";
			showEnvVarsInLog = 0;
		};
		C6D3F48AAC2B86B08B157A1C /* [CP] Copy Pods Resources */ = {
			isa = PBXShellScriptBuildPhase;
			buildActionMask = 2147483647;
			files = (
			);
			inputPaths = (
			);
			name = "[CP] Copy Pods Resources";
			outputPaths = (
			);
			runOnlyForDeploymentPostprocessing = 0;
			shellPath = /bin/sh;
			shellScript = "\"${SRCROOT}/Pods/Target Support Files/Pods-CommentWrapper/Pods-CommentWrapper-resources.sh\"\n";
			showEnvVarsInLog = 0;
		};
		EF9942F881C557127FA35DF3 /* [CP] Copy Pods Resources */ = {
			isa = PBXShellScriptBuildPhase;
			buildActionMask = 2147483647;
			files = (
			);
			inputPaths = (
			);
			name = "[CP] Copy Pods Resources";
			outputPaths = (
			);
			runOnlyForDeploymentPostprocessing = 0;
			shellPath = /bin/sh;
			shellScript = "\"${SRCROOT}/Pods/Target Support Files/Pods-CommentWrapperTests/Pods-CommentWrapperTests-resources.sh\"\n";
			showEnvVarsInLog = 0;
		};
/* End PBXShellScriptBuildPhase section */

/* Begin PBXSourcesBuildPhase section */
		67A3C068207822B000E93876 /* Sources */ = {
			isa = PBXSourcesBuildPhase;
			buildActionMask = 2147483647;
			files = (
				67A3C072207822B000E93876 /* ViewController.swift in Sources */,
				67A3C0B4207A896E00E93876 /* Character+Extensions.swift in Sources */,
				67A3C0AE207A852D00E93876 /* String+Extensions.swift in Sources */,
				672771C6208B4B8700256933 /* InstallationInstructionsViewController.swift in Sources */,
				6720E7E3208B7E1700D07850 /* CommentUnwrapper.swift in Sources */,
				67A3C070207822B000E93876 /* AppDelegate.swift in Sources */,
				672771C1208B486F00256933 /* IntroductionViewController.swift in Sources */,
				672771CC208B4BFB00256933 /* AboutViewController.swift in Sources */,
				6720E7E2208B7E1200D07850 /* CommentWrapper.swift in Sources */,
				6720E7E5208B827C00D07850 /* ContentBuilder.swift in Sources */,
				67A3C0BC207A8B8900E93876 /* Itemizer.swift in Sources */,
			);
			runOnlyForDeploymentPostprocessing = 0;
		};
		67A3C07A207822B100E93876 /* Sources */ = {
			isa = PBXSourcesBuildPhase;
			buildActionMask = 2147483647;
			files = (
				678F0EE020853DB300D94D9D /* ItemizerTests.swift in Sources */,
				67A3C0AF207A855C00E93876 /* String+Extensions.swift in Sources */,
				67A3C0B3207A88E800E93876 /* Character+ExtensionsTests.swift in Sources */,
				67A3C0BE207A8D3E00E93876 /* CommentUnwrapperTests.swift in Sources */,
				67A3C0BA207A8AE600E93876 /* Itemizer.swift in Sources */,
				67A3C083207822B100E93876 /* CommentWrapperTests.swift in Sources */,
				67A3C0C0207A8D5B00E93876 /* TestStrings.swift in Sources */,
				67A3C0A5207829FB00E93876 /* CommentWrapper.swift in Sources */,
				67A3C0B1207A886700E93876 /* Character+Extensions.swift in Sources */,
				678F0EE220853EE400D94D9D /* StringItemTests.swift in Sources */,
				67A3C0B7207A89F700E93876 /* CommentUnwrapper.swift in Sources */,
				67A3C0AD207A84DA00E93876 /* String+ExtensionsTests.swift in Sources */,
			);
			runOnlyForDeploymentPostprocessing = 0;
		};
		67A3C08D207822DD00E93876 /* Sources */ = {
			isa = PBXSourcesBuildPhase;
			buildActionMask = 2147483647;
			files = (
				67A3C0B8207A89F700E93876 /* CommentUnwrapper.swift in Sources */,
				67A3C0BB207A8AE600E93876 /* Itemizer.swift in Sources */,
				67A3C0A8207A847900E93876 /* String+Extensions.swift in Sources */,
				67A3C097207822DD00E93876 /* SourceEditorExtension.swift in Sources */,
				67A3C0A42078260E00E93876 /* CommentWrapper.swift in Sources */,
				67A3C0B5207A896F00E93876 /* Character+Extensions.swift in Sources */,
				67A3C099207822DD00E93876 /* SourceEditorCommand.swift in Sources */,
			);
			runOnlyForDeploymentPostprocessing = 0;
		};
/* End PBXSourcesBuildPhase section */

/* Begin PBXTargetDependency section */
		67A3C080207822B100E93876 /* PBXTargetDependency */ = {
			isa = PBXTargetDependency;
			target = 67A3C06B207822B000E93876 /* CommentWrapper */;
			targetProxy = 67A3C07F207822B100E93876 /* PBXContainerItemProxy */;
		};
		67A3C09D207822DD00E93876 /* PBXTargetDependency */ = {
			isa = PBXTargetDependency;
			target = 67A3C090207822DD00E93876 /* Comment Wrapper */;
			targetProxy = 67A3C09C207822DD00E93876 /* PBXContainerItemProxy */;
		};
/* End PBXTargetDependency section */

/* Begin PBXVariantGroup section */
		67A3C075207822B000E93876 /* Main.storyboard */ = {
			isa = PBXVariantGroup;
			children = (
				67A3C076207822B000E93876 /* Base */,
			);
			name = Main.storyboard;
			sourceTree = "<group>";
		};
/* End PBXVariantGroup section */

/* Begin XCBuildConfiguration section */
		67A3C085207822B100E93876 /* Debug */ = {
			isa = XCBuildConfiguration;
			buildSettings = {
				ALWAYS_SEARCH_USER_PATHS = NO;
				CLANG_ANALYZER_NONNULL = YES;
				CLANG_ANALYZER_NUMBER_OBJECT_CONVERSION = YES_AGGRESSIVE;
				CLANG_CXX_LANGUAGE_STANDARD = "gnu++14";
				CLANG_CXX_LIBRARY = "libc++";
				CLANG_ENABLE_MODULES = YES;
				CLANG_ENABLE_OBJC_ARC = YES;
				CLANG_WARN_BLOCK_CAPTURE_AUTORELEASING = YES;
				CLANG_WARN_BOOL_CONVERSION = YES;
				CLANG_WARN_COMMA = YES;
				CLANG_WARN_CONSTANT_CONVERSION = YES;
				CLANG_WARN_DIRECT_OBJC_ISA_USAGE = YES_ERROR;
				CLANG_WARN_DOCUMENTATION_COMMENTS = YES;
				CLANG_WARN_EMPTY_BODY = YES;
				CLANG_WARN_ENUM_CONVERSION = YES;
				CLANG_WARN_INFINITE_RECURSION = YES;
				CLANG_WARN_INT_CONVERSION = YES;
				CLANG_WARN_NON_LITERAL_NULL_CONVERSION = YES;
				CLANG_WARN_OBJC_LITERAL_CONVERSION = YES;
				CLANG_WARN_OBJC_ROOT_CLASS = YES_ERROR;
				CLANG_WARN_RANGE_LOOP_ANALYSIS = YES;
				CLANG_WARN_STRICT_PROTOTYPES = YES;
				CLANG_WARN_SUSPICIOUS_MOVE = YES;
				CLANG_WARN_UNGUARDED_AVAILABILITY = YES_AGGRESSIVE;
				CLANG_WARN_UNREACHABLE_CODE = YES;
				CLANG_WARN__DUPLICATE_METHOD_MATCH = YES;
				CODE_SIGN_IDENTITY = "-";
				COPY_PHASE_STRIP = NO;
				DEBUG_INFORMATION_FORMAT = dwarf;
				ENABLE_STRICT_OBJC_MSGSEND = YES;
				ENABLE_TESTABILITY = YES;
				GCC_C_LANGUAGE_STANDARD = gnu11;
				GCC_DYNAMIC_NO_PIC = NO;
				GCC_NO_COMMON_BLOCKS = YES;
				GCC_OPTIMIZATION_LEVEL = 0;
				GCC_PREPROCESSOR_DEFINITIONS = (
					"DEBUG=1",
					"$(inherited)",
				);
				GCC_WARN_64_TO_32_BIT_CONVERSION = YES;
				GCC_WARN_ABOUT_RETURN_TYPE = YES_ERROR;
				GCC_WARN_UNDECLARED_SELECTOR = YES;
				GCC_WARN_UNINITIALIZED_AUTOS = YES_AGGRESSIVE;
				GCC_WARN_UNUSED_FUNCTION = YES;
				GCC_WARN_UNUSED_VARIABLE = YES;
				MACOSX_DEPLOYMENT_TARGET = 10.13;
				MTL_ENABLE_DEBUG_INFO = YES;
				ONLY_ACTIVE_ARCH = YES;
				SDKROOT = macosx;
				SWIFT_ACTIVE_COMPILATION_CONDITIONS = DEBUG;
				SWIFT_OPTIMIZATION_LEVEL = "-Onone";
			};
			name = Debug;
		};
		67A3C086207822B100E93876 /* Release */ = {
			isa = XCBuildConfiguration;
			buildSettings = {
				ALWAYS_SEARCH_USER_PATHS = NO;
				CLANG_ANALYZER_NONNULL = YES;
				CLANG_ANALYZER_NUMBER_OBJECT_CONVERSION = YES_AGGRESSIVE;
				CLANG_CXX_LANGUAGE_STANDARD = "gnu++14";
				CLANG_CXX_LIBRARY = "libc++";
				CLANG_ENABLE_MODULES = YES;
				CLANG_ENABLE_OBJC_ARC = YES;
				CLANG_WARN_BLOCK_CAPTURE_AUTORELEASING = YES;
				CLANG_WARN_BOOL_CONVERSION = YES;
				CLANG_WARN_COMMA = YES;
				CLANG_WARN_CONSTANT_CONVERSION = YES;
				CLANG_WARN_DIRECT_OBJC_ISA_USAGE = YES_ERROR;
				CLANG_WARN_DOCUMENTATION_COMMENTS = YES;
				CLANG_WARN_EMPTY_BODY = YES;
				CLANG_WARN_ENUM_CONVERSION = YES;
				CLANG_WARN_INFINITE_RECURSION = YES;
				CLANG_WARN_INT_CONVERSION = YES;
				CLANG_WARN_NON_LITERAL_NULL_CONVERSION = YES;
				CLANG_WARN_OBJC_LITERAL_CONVERSION = YES;
				CLANG_WARN_OBJC_ROOT_CLASS = YES_ERROR;
				CLANG_WARN_RANGE_LOOP_ANALYSIS = YES;
				CLANG_WARN_STRICT_PROTOTYPES = YES;
				CLANG_WARN_SUSPICIOUS_MOVE = YES;
				CLANG_WARN_UNGUARDED_AVAILABILITY = YES_AGGRESSIVE;
				CLANG_WARN_UNREACHABLE_CODE = YES;
				CLANG_WARN__DUPLICATE_METHOD_MATCH = YES;
				CODE_SIGN_IDENTITY = "-";
				COPY_PHASE_STRIP = NO;
				DEBUG_INFORMATION_FORMAT = "dwarf-with-dsym";
				ENABLE_NS_ASSERTIONS = NO;
				ENABLE_STRICT_OBJC_MSGSEND = YES;
				GCC_C_LANGUAGE_STANDARD = gnu11;
				GCC_NO_COMMON_BLOCKS = YES;
				GCC_WARN_64_TO_32_BIT_CONVERSION = YES;
				GCC_WARN_ABOUT_RETURN_TYPE = YES_ERROR;
				GCC_WARN_UNDECLARED_SELECTOR = YES;
				GCC_WARN_UNINITIALIZED_AUTOS = YES_AGGRESSIVE;
				GCC_WARN_UNUSED_FUNCTION = YES;
				GCC_WARN_UNUSED_VARIABLE = YES;
				MACOSX_DEPLOYMENT_TARGET = 10.13;
				MTL_ENABLE_DEBUG_INFO = NO;
				SDKROOT = macosx;
				SWIFT_OPTIMIZATION_LEVEL = "-Owholemodule";
			};
			name = Release;
		};
		67A3C088207822B100E93876 /* Debug */ = {
			isa = XCBuildConfiguration;
			baseConfigurationReference = 8C6EDAB4B134FD72D9E33116 /* Pods-CommentWrapper.debug.xcconfig */;
			buildSettings = {
				ALWAYS_EMBED_SWIFT_STANDARD_LIBRARIES = YES;
				ASSETCATALOG_COMPILER_APPICON_NAME = AppIcon;
				CODE_SIGN_ENTITLEMENTS = CommentWrapper/CommentWrapper.entitlements;
				CODE_SIGN_IDENTITY = "Mac Developer";
				CODE_SIGN_STYLE = Automatic;
				COMBINE_HIDPI_IMAGES = YES;
				DEVELOPMENT_TEAM = VAA3W4LPY2;
				INFOPLIST_FILE = CommentWrapper/Info.plist;
				LD_RUNPATH_SEARCH_PATHS = "$(inherited) @executable_path/../Frameworks";
				PRODUCT_BUNDLE_IDENTIFIER = com.stevebarnegren.xcodecommentwrapper;
				PRODUCT_NAME = "$(TARGET_NAME)";
				PROVISIONING_PROFILE = "";
				PROVISIONING_PROFILE_SPECIFIER = "";
				SWIFT_VERSION = 4.0;
			};
			name = Debug;
		};
		67A3C089207822B100E93876 /* Release */ = {
			isa = XCBuildConfiguration;
			baseConfigurationReference = D5DAF995A2E1EB4D79D1EFC5 /* Pods-CommentWrapper.release.xcconfig */;
			buildSettings = {
				ALWAYS_EMBED_SWIFT_STANDARD_LIBRARIES = YES;
				ASSETCATALOG_COMPILER_APPICON_NAME = AppIcon;
				CODE_SIGN_ENTITLEMENTS = CommentWrapper/CommentWrapper.entitlements;
				CODE_SIGN_IDENTITY = "Mac Developer";
				CODE_SIGN_STYLE = Automatic;
				COMBINE_HIDPI_IMAGES = YES;
				DEVELOPMENT_TEAM = VAA3W4LPY2;
				INFOPLIST_FILE = CommentWrapper/Info.plist;
				LD_RUNPATH_SEARCH_PATHS = "$(inherited) @executable_path/../Frameworks";
				PRODUCT_BUNDLE_IDENTIFIER = com.stevebarnegren.xcodecommentwrapper;
				PRODUCT_NAME = "$(TARGET_NAME)";
				PROVISIONING_PROFILE = "";
				PROVISIONING_PROFILE_SPECIFIER = "";
				SWIFT_VERSION = 4.0;
			};
			name = Release;
		};
		67A3C08B207822B100E93876 /* Debug */ = {
			isa = XCBuildConfiguration;
			baseConfigurationReference = 5C790BC00E7E4EB185A99F09 /* Pods-CommentWrapperTests.debug.xcconfig */;
			buildSettings = {
				ALWAYS_EMBED_SWIFT_STANDARD_LIBRARIES = YES;
				BUNDLE_LOADER = "$(TEST_HOST)";
				CODE_SIGN_STYLE = Automatic;
				COMBINE_HIDPI_IMAGES = YES;
				INFOPLIST_FILE = CommentWrapperTests/Info.plist;
				LD_RUNPATH_SEARCH_PATHS = "$(inherited) @executable_path/../Frameworks @loader_path/../Frameworks";
				PRODUCT_BUNDLE_IDENTIFIER = SteveBarnegren.CommentWrapperTests;
				PRODUCT_NAME = "$(TARGET_NAME)";
				SWIFT_VERSION = 4.0;
				TEST_HOST = "$(BUILT_PRODUCTS_DIR)/CommentWrapper.app/Contents/MacOS/CommentWrapper";
			};
			name = Debug;
		};
		67A3C08C207822B100E93876 /* Release */ = {
			isa = XCBuildConfiguration;
			baseConfigurationReference = 3902CE9BF190914279C5C9CA /* Pods-CommentWrapperTests.release.xcconfig */;
			buildSettings = {
				ALWAYS_EMBED_SWIFT_STANDARD_LIBRARIES = YES;
				BUNDLE_LOADER = "$(TEST_HOST)";
				CODE_SIGN_STYLE = Automatic;
				COMBINE_HIDPI_IMAGES = YES;
				INFOPLIST_FILE = CommentWrapperTests/Info.plist;
				LD_RUNPATH_SEARCH_PATHS = "$(inherited) @executable_path/../Frameworks @loader_path/../Frameworks";
				PRODUCT_BUNDLE_IDENTIFIER = SteveBarnegren.CommentWrapperTests;
				PRODUCT_NAME = "$(TARGET_NAME)";
				SWIFT_VERSION = 4.0;
				TEST_HOST = "$(BUILT_PRODUCTS_DIR)/CommentWrapper.app/Contents/MacOS/CommentWrapper";
			};
			name = Release;
		};
		67A3C0A0207822DD00E93876 /* Debug */ = {
			isa = XCBuildConfiguration;
			baseConfigurationReference = 35E3C3C8B355FAD48A618C54 /* Pods-Comment Wrapper.debug.xcconfig */;
			buildSettings = {
				CODE_SIGN_ENTITLEMENTS = CommentWrapperExt/CommentWrapperExt.entitlements;
				CODE_SIGN_IDENTITY = "Mac Developer";
				CODE_SIGN_STYLE = Automatic;
				COMBINE_HIDPI_IMAGES = YES;
				DEVELOPMENT_TEAM = VAA3W4LPY2;
				INFOPLIST_FILE = CommentWrapperExt/Info.plist;
				LD_RUNPATH_SEARCH_PATHS = "$(inherited) @executable_path/../Frameworks @executable_path/../../../../Frameworks";
				PRODUCT_BUNDLE_IDENTIFIER = com.stevebarnegren.xcodecommentwrapperext;
				PRODUCT_NAME = "$(TARGET_NAME)";
				PROVISIONING_PROFILE = "";
				PROVISIONING_PROFILE_SPECIFIER = "";
				SKIP_INSTALL = YES;
				SWIFT_VERSION = 4.0;
			};
			name = Debug;
		};
		67A3C0A1207822DD00E93876 /* Release */ = {
			isa = XCBuildConfiguration;
			baseConfigurationReference = F4C3DDAA381B45000238588E /* Pods-Comment Wrapper.release.xcconfig */;
			buildSettings = {
				CODE_SIGN_ENTITLEMENTS = CommentWrapperExt/CommentWrapperExt.entitlements;
				CODE_SIGN_IDENTITY = "Mac Developer";
				CODE_SIGN_STYLE = Automatic;
				COMBINE_HIDPI_IMAGES = YES;
				DEVELOPMENT_TEAM = VAA3W4LPY2;
				INFOPLIST_FILE = CommentWrapperExt/Info.plist;
				LD_RUNPATH_SEARCH_PATHS = "$(inherited) @executable_path/../Frameworks @executable_path/../../../../Frameworks";
				PRODUCT_BUNDLE_IDENTIFIER = com.stevebarnegren.xcodecommentwrapperext;
				PRODUCT_NAME = "$(TARGET_NAME)";
				PROVISIONING_PROFILE = "";
				PROVISIONING_PROFILE_SPECIFIER = "";
				SKIP_INSTALL = YES;
				SWIFT_VERSION = 4.0;
			};
			name = Release;
		};
/* End XCBuildConfiguration section */

/* Begin XCConfigurationList section */
		67A3C067207822B000E93876 /* Build configuration list for PBXProject "CommentWrapper" */ = {
			isa = XCConfigurationList;
			buildConfigurations = (
				67A3C085207822B100E93876 /* Debug */,
				67A3C086207822B100E93876 /* Release */,
			);
			defaultConfigurationIsVisible = 0;
			defaultConfigurationName = Release;
		};
		67A3C087207822B100E93876 /* Build configuration list for PBXNativeTarget "CommentWrapper" */ = {
			isa = XCConfigurationList;
			buildConfigurations = (
				67A3C088207822B100E93876 /* Debug */,
				67A3C089207822B100E93876 /* Release */,
			);
			defaultConfigurationIsVisible = 0;
			defaultConfigurationName = Release;
		};
		67A3C08A207822B100E93876 /* Build configuration list for PBXNativeTarget "CommentWrapperTests" */ = {
			isa = XCConfigurationList;
			buildConfigurations = (
				67A3C08B207822B100E93876 /* Debug */,
				67A3C08C207822B100E93876 /* Release */,
			);
			defaultConfigurationIsVisible = 0;
			defaultConfigurationName = Release;
		};
		67A3C09F207822DD00E93876 /* Build configuration list for PBXNativeTarget "Comment Wrapper" */ = {
			isa = XCConfigurationList;
			buildConfigurations = (
				67A3C0A0207822DD00E93876 /* Debug */,
				67A3C0A1207822DD00E93876 /* Release */,
			);
			defaultConfigurationIsVisible = 0;
			defaultConfigurationName = Release;
		};
/* End XCConfigurationList section */
	};
	rootObject = 67A3C064207822B000E93876 /* Project object */;
}
